
Microsoft Visual Studio Solution File, Format Version 12.00
# Visual Studio Version 16
VisualStudioVersion = 16.0.30309.148
MinimumVisualStudioVersion = 10.0.40219.1
Project("{8BC9CEB8-8B4A-11D0-8D11-00A0C91BC942}") = "1_HelloWorld", "HelloWorld\HelloWorld.vcxproj", "{2AEC4270-1A18-4210-AEE2-B8A3DD2333FD}"
EndProject
Project("{2150E333-8FDC-42A3-9474-1A3956D46DE8}") = "W1", "W1", "{B38A3E52-6009-41DD-8857-72101B1A291B}"
EndProject
Project("{8BC9CEB8-8B4A-11D0-8D11-00A0C91BC942}") = "2_DataTypes", "DataTypes\DataTypes.vcxproj", "{BC9DF0B3-AD5F-4A3E-A1AC-4C223550B7A7}"
EndProject
Project("{8BC9CEB8-8B4A-11D0-8D11-00A0C91BC942}") = "3_SimpleTypesOperations", "SimpleTypesOperations\SimpleTypesOperations.vcxproj", "{56263B62-4639-4349-9F19-EFE22F329324}"
EndProject
Project("{8BC9CEB8-8B4A-11D0-8D11-00A0C91BC942}") = "4_OperationsWithContainerts", "4_OperationsWithContainerts\4_OperationsWithContainerts.vcxproj", "{CE800D41-574C-415E-9C0C-3FB56A665D4F}"
EndProject
Project("{8BC9CEB8-8B4A-11D0-8D11-00A0C91BC942}") = "5_InputAndOutput", "5_InputAndOutput\5_InputAndOutput.vcxproj", "{6BAB4BCE-1104-4E8B-8101-4A67AB3EA7B9}"
EndProject
Project("{8BC9CEB8-8B4A-11D0-8D11-00A0C91BC942}") = "6_LoopsContitionsETC", "LoopsContitionsETC\LoopsContitionsETC.vcxproj", "{741BA6CE-E6AF-46DA-8E2E-39FA87C30A79}"
EndProject
Project("{2150E333-8FDC-42A3-9474-1A3956D46DE8}") = "Programming Assignments", "Programming Assignments", "{475CBB9A-5B40-4E80-BBE9-FCB9C62F3647}"
EndProject
Project("{8BC9CEB8-8B4A-11D0-8D11-00A0C91BC942}") = "PA1", "PA1\PA1.vcxproj", "{074067A6-F360-4AF9-8885-5BECC7EEB702}"
EndProject
Project("{2150E333-8FDC-42A3-9474-1A3956D46DE8}") = "Operations", "Operations", "{C9986389-9DD7-4324-B31D-31151008D8F6}"
EndProject
Project("{8BC9CEB8-8B4A-11D0-8D11-00A0C91BC942}") = "1_Assignment", "1_Assignment\1_Assignment.vcxproj", "{5C048CA8-AFAD-4CC6-BCA3-D7E5694F5AC3}"
EndProject
Project("{8BC9CEB8-8B4A-11D0-8D11-00A0C91BC942}") = "2_DivisionAndIncriment", "DivisionAndIncriment\DivisionAndIncriment.vcxproj", "{D862EF9F-D17D-4E01-87DA-49E2129EDFDE}"
EndProject
Project("{8BC9CEB8-8B4A-11D0-8D11-00A0C91BC942}") = "3_LogicalsOperations", "3_LogicalsOperations\3_LogicalsOperations.vcxproj", "{D5EBF1FB-96D3-4CCC-A9D8-6D1C59F89F18}"
EndProject
Project("{8BC9CEB8-8B4A-11D0-8D11-00A0C91BC942}") = "PA2_MinimalString", "PA2\PA2.vcxproj", "{3D99B40D-0D8D-465E-B5B9-D14F45AC0B32}"
EndProject
Project("{8BC9CEB8-8B4A-11D0-8D11-00A0C91BC942}") = "PA3_SquareEqRoots", "PA3\PA3.vcxproj", "{3523A48D-9175-450F-BD40-98BA58024C05}"
EndProject
Project("{2150E333-8FDC-42A3-9474-1A3956D46DE8}") = "C++Posibilities", "C++Posibilities", "{D0D24757-8EAC-4220-9ECF-F13FDAD985D3}"
EndProject
Project("{2150E333-8FDC-42A3-9474-1A3956D46DE8}") = "LoopsAndCondtitions", "LoopsAndCondtitions", "{DFEB9C7A-CF46-4BB2-B321-85A27D821A44}"
EndProject
Project("{8BC9CEB8-8B4A-11D0-8D11-00A0C91BC942}") = "IfClause", "TestingPrinciples\TestingPrinciples.vcxproj", "{C104F82D-08D4-4DA2-902D-2B765E8910C8}"
EndProject
Project("{8BC9CEB8-8B4A-11D0-8D11-00A0C91BC942}") = "WhileLoops", "WhileLoops\WhileLoops.vcxproj", "{AE759B08-C469-4B47-B8BD-24E59B9A4FB7}"
EndProject
Project("{8BC9CEB8-8B4A-11D0-8D11-00A0C91BC942}") = "ForLoop", "ForLoop\ForLoop.vcxproj", "{1B59B19C-6C84-41A8-8042-4959CB8224E8}"
EndProject
Project("{8BC9CEB8-8B4A-11D0-8D11-00A0C91BC942}") = "PA4_Division", "PA4_Division\PA4_Division.vcxproj", "{223D1816-5D54-4424-ADD5-641FAE05A02A}"
EndProject
Project("{8BC9CEB8-8B4A-11D0-8D11-00A0C91BC942}") = "PA5_ProductPriceCalculation", "PA5_ProductPriceCalculation\PA5_ProductPriceCalculation.vcxproj", "{3D369FAD-7333-403C-9FAA-67191AF7566B}"
EndProject
Project("{8BC9CEB8-8B4A-11D0-8D11-00A0C91BC942}") = "PA6_EvenNumbers", "PA6_EvenNumbers\PA6_EvenNumbers.vcxproj", "{AAD40264-FBBD-4D7E-AE52-483664792BCA}"
EndProject
Project("{8BC9CEB8-8B4A-11D0-8D11-00A0C91BC942}") = "PA7_FirstEncounter", "PA7_FirstEncounter\PA7_FirstEncounter.vcxproj", "{6361D7DE-D853-4882-9FAB-F613909484EE}"
EndProject
Project("{8BC9CEB8-8B4A-11D0-8D11-00A0C91BC942}") = "PA8_GreatestCommonDivisor", "PA8_GreatestCommonDivisor\PA8_GreatestCommonDivisor.vcxproj", "{275EA433-AD7A-4EDE-9423-17BCD0C68197}"
EndProject
Project("{8BC9CEB8-8B4A-11D0-8D11-00A0C91BC942}") = "PA9_BinaryNumbers", "PA9_BinaryNumbers\PA9_BinaryNumbers.vcxproj", "{CD6EAEE4-6840-4408-9667-5E599C90497C}"
EndProject
Project("{2150E333-8FDC-42A3-9474-1A3956D46DE8}") = "W2", "W2", "{571506DD-3AAC-4282-ABEA-BBAC631BB31A}"
EndProject
Project("{2150E333-8FDC-42A3-9474-1A3956D46DE8}") = "Functions", "Functions", "{8E25FE9C-9D0C-4C8F-ACF5-B1D85F27EAC0}"
EndProject
Project("{8BC9CEB8-8B4A-11D0-8D11-00A0C91BC942}") = "1_FunctionsIntroduction", "1_FunctionsIntroduction\1_FunctionsIntroduction.vcxproj", "{A82BB19E-9965-445E-96B3-BD73AAC4C373}"
EndProject
Project("{8BC9CEB8-8B4A-11D0-8D11-00A0C91BC942}") = "2_PassingFuncParamsByValue", "2_PassingFuncParamsByValue\2_PassingFuncParamsByValue.vcxproj", "{F39B7453-2915-4733-8920-7E7441554F28}"
EndProject
Project("{2150E333-8FDC-42A3-9474-1A3956D46DE8}") = "ProgrammingAsignments", "ProgrammingAsignments", "{E9A1A406-7E83-4C98-B697-3AF1E36F23E7}"
EndProject
Project("{8BC9CEB8-8B4A-11D0-8D11-00A0C91BC942}") = "PA1_Factorial", "PA1_Factorial\PA1_Factorial.vcxproj", "{928E3996-660A-4CB6-8E41-83A0F7D3A6AD}"
EndProject
Project("{8BC9CEB8-8B4A-11D0-8D11-00A0C91BC942}") = "PA2_Palindrom", "PA2_Palindrom\PA2_Palindrom.vcxproj", "{430B4370-D9BB-42E0-94FF-1CEFC1A5419A}"
EndProject
Project("{8BC9CEB8-8B4A-11D0-8D11-00A0C91BC942}") = "PA3_PalindromFilter", "PA3_PalindromFilter\PA3_PalindromFilter.vcxproj", "{FB9AA802-FE25-44BC-9A78-2A0B83A7877F}"
EndProject
Project("{8BC9CEB8-8B4A-11D0-8D11-00A0C91BC942}") = "3_ReferenceParameterForFunctions", "3_ReferenceParameterForFunctions\3_ReferenceParameterForFunctions.vcxproj", "{7661A431-0943-4D89-B2CD-11B4222FBEF1}"
EndProject
Project("{8BC9CEB8-8B4A-11D0-8D11-00A0C91BC942}") = "4_PassingFuncParamsByConstantReference", "4_PassingFuncParamsByConstantReference\4_PassingFuncParamsByConstantReference.vcxproj", "{1A11E784-731A-4BA4-9A5A-327AC4BA4EAC}"
EndProject
Project("{8BC9CEB8-8B4A-11D0-8D11-00A0C91BC942}") = "5_constModificationToProtectAccidentalCahnges", "5_constModificationToProtectAccidentalCahnges\5_constModificationToProtectAccidentalCahnges.vcxproj", "{2DB1E7F2-77FE-4C1D-BAD5-650C84242A94}"
EndProject
Project("{8BC9CEB8-8B4A-11D0-8D11-00A0C91BC942}") = "PA4_Maximizer", "PA4_Maximizer\PA4_Maximizer.vcxproj", "{0E29125A-117F-4C86-AA2D-698876D27200}"
EndProject
Project("{8BC9CEB8-8B4A-11D0-8D11-00A0C91BC942}") = "PA5_StringsTransfer", "PA5_StringsTransfer\PA5_StringsTransfer.vcxproj", "{A720EDF4-333B-412A-8175-8C40A42A8C1A}"
EndProject
Project("{8BC9CEB8-8B4A-11D0-8D11-00A0C91BC942}") = "PA6_SequenceReverse", "PA6_SequenceReverse\PA6_SequenceReverse.vcxproj", "{42993130-3BE5-45A0-9F52-996653E4C27F}"
EndProject
Project("{2150E333-8FDC-42A3-9474-1A3956D46DE8}") = "Vectors", "Vectors", "{D6970940-4499-4350-8A19-371E8AA5A478}"
EndProject
Project("{8BC9CEB8-8B4A-11D0-8D11-00A0C91BC942}") = "1_VectorsP1", "1_VectorsP1\1_VectorsP1.vcxproj", "{257677BE-474F-4B7F-9A7E-D9787A9C3F65}"
EndProject
Project("{8BC9CEB8-8B4A-11D0-8D11-00A0C91BC942}") = "2_VectorP2", "2_VectorP2\2_VectorP2.vcxproj", "{F9726F3F-1CC7-496A-9918-77E482C6DAFE}"
EndProject
Project("{8BC9CEB8-8B4A-11D0-8D11-00A0C91BC942}") = "PA7_AverageTemperature", "PA7_AverageTemperature\PA7_AverageTemperature.vcxproj", "{1F709D0B-CA48-4638-A3E9-CA6546B968F3}"
EndProject
Project("{8BC9CEB8-8B4A-11D0-8D11-00A0C91BC942}") = "PA8_Queue", "PA8_Queue\PA8_Queue.vcxproj", "{05B1FD43-38A1-40BF-9BB1-387273BEF7B0}"
EndProject
Project("{8BC9CEB8-8B4A-11D0-8D11-00A0C91BC942}") = "PA9_MonthlyAffairs", "PA9_MonthlyAffairs\PA9_MonthlyAffairs.vcxproj", "{21E32D3E-219E-42F1-8750-ABD033582FCC}"
EndProject
Project("{2150E333-8FDC-42A3-9474-1A3956D46DE8}") = "MapContainer", "MapContainer", "{47B3A4CD-EB62-4E3E-BA46-2796762A8A67}"
EndProject
Project("{8BC9CEB8-8B4A-11D0-8D11-00A0C91BC942}") = "1_DictionariesP1", "1_DictionariesP1\1_DictionariesP1.vcxproj", "{1A1E0E31-B5B8-4B54-80D2-AD6397A837B8}"
EndProject
Project("{8BC9CEB8-8B4A-11D0-8D11-00A0C91BC942}") = "2_DictionariesP2", "2_DictionariesP2\2_DictionariesP2.vcxproj", "{62D1E1E1-C9FC-44D8-8BBB-621427B71F6B}"
EndProject
Project("{8BC9CEB8-8B4A-11D0-8D11-00A0C91BC942}") = "3_DictionariesNewPossibilities", "3_DictionariesNewPossibilities\3_DictionariesNewPossibilities.vcxproj", "{D6D024B0-4F13-4FE5-85B7-CE920A52DA9F}"
EndProject
Project("{8BC9CEB8-8B4A-11D0-8D11-00A0C91BC942}") = "PA10_Anagrams", "PA10_Anagrams\PA10_Anagrams.vcxproj", "{9DA34933-ABB3-4F73-9528-60872AA8E797}"
EndProject
Project("{8BC9CEB8-8B4A-11D0-8D11-00A0C91BC942}") = "PA11_RefferenceOfCapitals", "PA11_RefferenceOfCapitals\PA11_RefferenceOfCapitals.vcxproj", "{BE4857E5-046D-40A6-A8E5-7CBE3F874F59}"
EndProject
Project("{8BC9CEB8-8B4A-11D0-8D11-00A0C91BC942}") = "PA12_BusStops1", "PA12_BusStops1\PA12_BusStops1.vcxproj", "{9C143F14-333E-4CF7-BBD8-8B3F638D7A34}"
EndProject
Project("{8BC9CEB8-8B4A-11D0-8D11-00A0C91BC942}") = "PA13_BusStops2", "PA13_BusStops2\PA13_BusStops2.vcxproj", "{04D6846B-FE56-4C63-9644-50A644BCAAD6}"
EndProject
Global
	GlobalSection(SolutionConfigurationPlatforms) = preSolution
		Debug|x64 = Debug|x64
		Debug|x86 = Debug|x86
		Release|x64 = Release|x64
		Release|x86 = Release|x86
	EndGlobalSection
	GlobalSection(ProjectConfigurationPlatforms) = postSolution
		{2AEC4270-1A18-4210-AEE2-B8A3DD2333FD}.Debug|x64.ActiveCfg = Debug|x64
		{2AEC4270-1A18-4210-AEE2-B8A3DD2333FD}.Debug|x64.Build.0 = Debug|x64
		{2AEC4270-1A18-4210-AEE2-B8A3DD2333FD}.Debug|x86.ActiveCfg = Debug|Win32
		{2AEC4270-1A18-4210-AEE2-B8A3DD2333FD}.Debug|x86.Build.0 = Debug|Win32
		{2AEC4270-1A18-4210-AEE2-B8A3DD2333FD}.Release|x64.ActiveCfg = Release|x64
		{2AEC4270-1A18-4210-AEE2-B8A3DD2333FD}.Release|x64.Build.0 = Release|x64
		{2AEC4270-1A18-4210-AEE2-B8A3DD2333FD}.Release|x86.ActiveCfg = Release|Win32
		{2AEC4270-1A18-4210-AEE2-B8A3DD2333FD}.Release|x86.Build.0 = Release|Win32
		{BC9DF0B3-AD5F-4A3E-A1AC-4C223550B7A7}.Debug|x64.ActiveCfg = Debug|x64
		{BC9DF0B3-AD5F-4A3E-A1AC-4C223550B7A7}.Debug|x64.Build.0 = Debug|x64
		{BC9DF0B3-AD5F-4A3E-A1AC-4C223550B7A7}.Debug|x86.ActiveCfg = Debug|Win32
		{BC9DF0B3-AD5F-4A3E-A1AC-4C223550B7A7}.Debug|x86.Build.0 = Debug|Win32
		{BC9DF0B3-AD5F-4A3E-A1AC-4C223550B7A7}.Release|x64.ActiveCfg = Release|x64
		{BC9DF0B3-AD5F-4A3E-A1AC-4C223550B7A7}.Release|x64.Build.0 = Release|x64
		{BC9DF0B3-AD5F-4A3E-A1AC-4C223550B7A7}.Release|x86.ActiveCfg = Release|Win32
		{BC9DF0B3-AD5F-4A3E-A1AC-4C223550B7A7}.Release|x86.Build.0 = Release|Win32
		{56263B62-4639-4349-9F19-EFE22F329324}.Debug|x64.ActiveCfg = Debug|x64
		{56263B62-4639-4349-9F19-EFE22F329324}.Debug|x64.Build.0 = Debug|x64
		{56263B62-4639-4349-9F19-EFE22F329324}.Debug|x86.ActiveCfg = Debug|Win32
		{56263B62-4639-4349-9F19-EFE22F329324}.Debug|x86.Build.0 = Debug|Win32
		{56263B62-4639-4349-9F19-EFE22F329324}.Release|x64.ActiveCfg = Release|x64
		{56263B62-4639-4349-9F19-EFE22F329324}.Release|x64.Build.0 = Release|x64
		{56263B62-4639-4349-9F19-EFE22F329324}.Release|x86.ActiveCfg = Release|Win32
		{56263B62-4639-4349-9F19-EFE22F329324}.Release|x86.Build.0 = Release|Win32
		{CE800D41-574C-415E-9C0C-3FB56A665D4F}.Debug|x64.ActiveCfg = Debug|x64
		{CE800D41-574C-415E-9C0C-3FB56A665D4F}.Debug|x64.Build.0 = Debug|x64
		{CE800D41-574C-415E-9C0C-3FB56A665D4F}.Debug|x86.ActiveCfg = Debug|Win32
		{CE800D41-574C-415E-9C0C-3FB56A665D4F}.Debug|x86.Build.0 = Debug|Win32
		{CE800D41-574C-415E-9C0C-3FB56A665D4F}.Release|x64.ActiveCfg = Release|x64
		{CE800D41-574C-415E-9C0C-3FB56A665D4F}.Release|x64.Build.0 = Release|x64
		{CE800D41-574C-415E-9C0C-3FB56A665D4F}.Release|x86.ActiveCfg = Release|Win32
		{CE800D41-574C-415E-9C0C-3FB56A665D4F}.Release|x86.Build.0 = Release|Win32
		{6BAB4BCE-1104-4E8B-8101-4A67AB3EA7B9}.Debug|x64.ActiveCfg = Debug|x64
		{6BAB4BCE-1104-4E8B-8101-4A67AB3EA7B9}.Debug|x64.Build.0 = Debug|x64
		{6BAB4BCE-1104-4E8B-8101-4A67AB3EA7B9}.Debug|x86.ActiveCfg = Debug|Win32
		{6BAB4BCE-1104-4E8B-8101-4A67AB3EA7B9}.Debug|x86.Build.0 = Debug|Win32
		{6BAB4BCE-1104-4E8B-8101-4A67AB3EA7B9}.Release|x64.ActiveCfg = Release|x64
		{6BAB4BCE-1104-4E8B-8101-4A67AB3EA7B9}.Release|x64.Build.0 = Release|x64
		{6BAB4BCE-1104-4E8B-8101-4A67AB3EA7B9}.Release|x86.ActiveCfg = Release|Win32
		{6BAB4BCE-1104-4E8B-8101-4A67AB3EA7B9}.Release|x86.Build.0 = Release|Win32
		{741BA6CE-E6AF-46DA-8E2E-39FA87C30A79}.Debug|x64.ActiveCfg = Debug|x64
		{741BA6CE-E6AF-46DA-8E2E-39FA87C30A79}.Debug|x64.Build.0 = Debug|x64
		{741BA6CE-E6AF-46DA-8E2E-39FA87C30A79}.Debug|x86.ActiveCfg = Debug|Win32
		{741BA6CE-E6AF-46DA-8E2E-39FA87C30A79}.Debug|x86.Build.0 = Debug|Win32
		{741BA6CE-E6AF-46DA-8E2E-39FA87C30A79}.Release|x64.ActiveCfg = Release|x64
		{741BA6CE-E6AF-46DA-8E2E-39FA87C30A79}.Release|x64.Build.0 = Release|x64
		{741BA6CE-E6AF-46DA-8E2E-39FA87C30A79}.Release|x86.ActiveCfg = Release|Win32
		{741BA6CE-E6AF-46DA-8E2E-39FA87C30A79}.Release|x86.Build.0 = Release|Win32
		{074067A6-F360-4AF9-8885-5BECC7EEB702}.Debug|x64.ActiveCfg = Debug|x64
		{074067A6-F360-4AF9-8885-5BECC7EEB702}.Debug|x64.Build.0 = Debug|x64
		{074067A6-F360-4AF9-8885-5BECC7EEB702}.Debug|x86.ActiveCfg = Debug|Win32
		{074067A6-F360-4AF9-8885-5BECC7EEB702}.Debug|x86.Build.0 = Debug|Win32
		{074067A6-F360-4AF9-8885-5BECC7EEB702}.Release|x64.ActiveCfg = Release|x64
		{074067A6-F360-4AF9-8885-5BECC7EEB702}.Release|x64.Build.0 = Release|x64
		{074067A6-F360-4AF9-8885-5BECC7EEB702}.Release|x86.ActiveCfg = Release|Win32
		{074067A6-F360-4AF9-8885-5BECC7EEB702}.Release|x86.Build.0 = Release|Win32
		{5C048CA8-AFAD-4CC6-BCA3-D7E5694F5AC3}.Debug|x64.ActiveCfg = Debug|x64
		{5C048CA8-AFAD-4CC6-BCA3-D7E5694F5AC3}.Debug|x64.Build.0 = Debug|x64
		{5C048CA8-AFAD-4CC6-BCA3-D7E5694F5AC3}.Debug|x86.ActiveCfg = Debug|Win32
		{5C048CA8-AFAD-4CC6-BCA3-D7E5694F5AC3}.Debug|x86.Build.0 = Debug|Win32
		{5C048CA8-AFAD-4CC6-BCA3-D7E5694F5AC3}.Release|x64.ActiveCfg = Release|x64
		{5C048CA8-AFAD-4CC6-BCA3-D7E5694F5AC3}.Release|x64.Build.0 = Release|x64
		{5C048CA8-AFAD-4CC6-BCA3-D7E5694F5AC3}.Release|x86.ActiveCfg = Release|Win32
		{5C048CA8-AFAD-4CC6-BCA3-D7E5694F5AC3}.Release|x86.Build.0 = Release|Win32
		{D862EF9F-D17D-4E01-87DA-49E2129EDFDE}.Debug|x64.ActiveCfg = Debug|x64
		{D862EF9F-D17D-4E01-87DA-49E2129EDFDE}.Debug|x64.Build.0 = Debug|x64
		{D862EF9F-D17D-4E01-87DA-49E2129EDFDE}.Debug|x86.ActiveCfg = Debug|Win32
		{D862EF9F-D17D-4E01-87DA-49E2129EDFDE}.Debug|x86.Build.0 = Debug|Win32
		{D862EF9F-D17D-4E01-87DA-49E2129EDFDE}.Release|x64.ActiveCfg = Release|x64
		{D862EF9F-D17D-4E01-87DA-49E2129EDFDE}.Release|x64.Build.0 = Release|x64
		{D862EF9F-D17D-4E01-87DA-49E2129EDFDE}.Release|x86.ActiveCfg = Release|Win32
		{D862EF9F-D17D-4E01-87DA-49E2129EDFDE}.Release|x86.Build.0 = Release|Win32
		{D5EBF1FB-96D3-4CCC-A9D8-6D1C59F89F18}.Debug|x64.ActiveCfg = Debug|x64
		{D5EBF1FB-96D3-4CCC-A9D8-6D1C59F89F18}.Debug|x64.Build.0 = Debug|x64
		{D5EBF1FB-96D3-4CCC-A9D8-6D1C59F89F18}.Debug|x86.ActiveCfg = Debug|Win32
		{D5EBF1FB-96D3-4CCC-A9D8-6D1C59F89F18}.Debug|x86.Build.0 = Debug|Win32
		{D5EBF1FB-96D3-4CCC-A9D8-6D1C59F89F18}.Release|x64.ActiveCfg = Release|x64
		{D5EBF1FB-96D3-4CCC-A9D8-6D1C59F89F18}.Release|x64.Build.0 = Release|x64
		{D5EBF1FB-96D3-4CCC-A9D8-6D1C59F89F18}.Release|x86.ActiveCfg = Release|Win32
		{D5EBF1FB-96D3-4CCC-A9D8-6D1C59F89F18}.Release|x86.Build.0 = Release|Win32
		{3D99B40D-0D8D-465E-B5B9-D14F45AC0B32}.Debug|x64.ActiveCfg = Debug|x64
		{3D99B40D-0D8D-465E-B5B9-D14F45AC0B32}.Debug|x64.Build.0 = Debug|x64
		{3D99B40D-0D8D-465E-B5B9-D14F45AC0B32}.Debug|x86.ActiveCfg = Debug|Win32
		{3D99B40D-0D8D-465E-B5B9-D14F45AC0B32}.Debug|x86.Build.0 = Debug|Win32
		{3D99B40D-0D8D-465E-B5B9-D14F45AC0B32}.Release|x64.ActiveCfg = Release|x64
		{3D99B40D-0D8D-465E-B5B9-D14F45AC0B32}.Release|x64.Build.0 = Release|x64
		{3D99B40D-0D8D-465E-B5B9-D14F45AC0B32}.Release|x86.ActiveCfg = Release|Win32
		{3D99B40D-0D8D-465E-B5B9-D14F45AC0B32}.Release|x86.Build.0 = Release|Win32
		{3523A48D-9175-450F-BD40-98BA58024C05}.Debug|x64.ActiveCfg = Debug|x64
		{3523A48D-9175-450F-BD40-98BA58024C05}.Debug|x64.Build.0 = Debug|x64
		{3523A48D-9175-450F-BD40-98BA58024C05}.Debug|x86.ActiveCfg = Debug|Win32
		{3523A48D-9175-450F-BD40-98BA58024C05}.Debug|x86.Build.0 = Debug|Win32
		{3523A48D-9175-450F-BD40-98BA58024C05}.Release|x64.ActiveCfg = Release|x64
		{3523A48D-9175-450F-BD40-98BA58024C05}.Release|x64.Build.0 = Release|x64
		{3523A48D-9175-450F-BD40-98BA58024C05}.Release|x86.ActiveCfg = Release|Win32
		{3523A48D-9175-450F-BD40-98BA58024C05}.Release|x86.Build.0 = Release|Win32
		{C104F82D-08D4-4DA2-902D-2B765E8910C8}.Debug|x64.ActiveCfg = Debug|x64
		{C104F82D-08D4-4DA2-902D-2B765E8910C8}.Debug|x64.Build.0 = Debug|x64
		{C104F82D-08D4-4DA2-902D-2B765E8910C8}.Debug|x86.ActiveCfg = Debug|Win32
		{C104F82D-08D4-4DA2-902D-2B765E8910C8}.Debug|x86.Build.0 = Debug|Win32
		{C104F82D-08D4-4DA2-902D-2B765E8910C8}.Release|x64.ActiveCfg = Release|x64
		{C104F82D-08D4-4DA2-902D-2B765E8910C8}.Release|x64.Build.0 = Release|x64
		{C104F82D-08D4-4DA2-902D-2B765E8910C8}.Release|x86.ActiveCfg = Release|Win32
		{C104F82D-08D4-4DA2-902D-2B765E8910C8}.Release|x86.Build.0 = Release|Win32
		{AE759B08-C469-4B47-B8BD-24E59B9A4FB7}.Debug|x64.ActiveCfg = Debug|x64
		{AE759B08-C469-4B47-B8BD-24E59B9A4FB7}.Debug|x64.Build.0 = Debug|x64
		{AE759B08-C469-4B47-B8BD-24E59B9A4FB7}.Debug|x86.ActiveCfg = Debug|Win32
		{AE759B08-C469-4B47-B8BD-24E59B9A4FB7}.Debug|x86.Build.0 = Debug|Win32
		{AE759B08-C469-4B47-B8BD-24E59B9A4FB7}.Release|x64.ActiveCfg = Release|x64
		{AE759B08-C469-4B47-B8BD-24E59B9A4FB7}.Release|x64.Build.0 = Release|x64
		{AE759B08-C469-4B47-B8BD-24E59B9A4FB7}.Release|x86.ActiveCfg = Release|Win32
		{AE759B08-C469-4B47-B8BD-24E59B9A4FB7}.Release|x86.Build.0 = Release|Win32
		{1B59B19C-6C84-41A8-8042-4959CB8224E8}.Debug|x64.ActiveCfg = Debug|x64
		{1B59B19C-6C84-41A8-8042-4959CB8224E8}.Debug|x64.Build.0 = Debug|x64
		{1B59B19C-6C84-41A8-8042-4959CB8224E8}.Debug|x86.ActiveCfg = Debug|Win32
		{1B59B19C-6C84-41A8-8042-4959CB8224E8}.Debug|x86.Build.0 = Debug|Win32
		{1B59B19C-6C84-41A8-8042-4959CB8224E8}.Release|x64.ActiveCfg = Release|x64
		{1B59B19C-6C84-41A8-8042-4959CB8224E8}.Release|x64.Build.0 = Release|x64
		{1B59B19C-6C84-41A8-8042-4959CB8224E8}.Release|x86.ActiveCfg = Release|Win32
		{1B59B19C-6C84-41A8-8042-4959CB8224E8}.Release|x86.Build.0 = Release|Win32
		{223D1816-5D54-4424-ADD5-641FAE05A02A}.Debug|x64.ActiveCfg = Debug|x64
		{223D1816-5D54-4424-ADD5-641FAE05A02A}.Debug|x64.Build.0 = Debug|x64
		{223D1816-5D54-4424-ADD5-641FAE05A02A}.Debug|x86.ActiveCfg = Debug|Win32
		{223D1816-5D54-4424-ADD5-641FAE05A02A}.Debug|x86.Build.0 = Debug|Win32
		{223D1816-5D54-4424-ADD5-641FAE05A02A}.Release|x64.ActiveCfg = Release|x64
		{223D1816-5D54-4424-ADD5-641FAE05A02A}.Release|x64.Build.0 = Release|x64
		{223D1816-5D54-4424-ADD5-641FAE05A02A}.Release|x86.ActiveCfg = Release|Win32
		{223D1816-5D54-4424-ADD5-641FAE05A02A}.Release|x86.Build.0 = Release|Win32
		{3D369FAD-7333-403C-9FAA-67191AF7566B}.Debug|x64.ActiveCfg = Debug|x64
		{3D369FAD-7333-403C-9FAA-67191AF7566B}.Debug|x64.Build.0 = Debug|x64
		{3D369FAD-7333-403C-9FAA-67191AF7566B}.Debug|x86.ActiveCfg = Debug|Win32
		{3D369FAD-7333-403C-9FAA-67191AF7566B}.Debug|x86.Build.0 = Debug|Win32
		{3D369FAD-7333-403C-9FAA-67191AF7566B}.Release|x64.ActiveCfg = Release|x64
		{3D369FAD-7333-403C-9FAA-67191AF7566B}.Release|x64.Build.0 = Release|x64
		{3D369FAD-7333-403C-9FAA-67191AF7566B}.Release|x86.ActiveCfg = Release|Win32
		{3D369FAD-7333-403C-9FAA-67191AF7566B}.Release|x86.Build.0 = Release|Win32
		{AAD40264-FBBD-4D7E-AE52-483664792BCA}.Debug|x64.ActiveCfg = Debug|x64
		{AAD40264-FBBD-4D7E-AE52-483664792BCA}.Debug|x64.Build.0 = Debug|x64
		{AAD40264-FBBD-4D7E-AE52-483664792BCA}.Debug|x86.ActiveCfg = Debug|Win32
		{AAD40264-FBBD-4D7E-AE52-483664792BCA}.Debug|x86.Build.0 = Debug|Win32
		{AAD40264-FBBD-4D7E-AE52-483664792BCA}.Release|x64.ActiveCfg = Release|x64
		{AAD40264-FBBD-4D7E-AE52-483664792BCA}.Release|x64.Build.0 = Release|x64
		{AAD40264-FBBD-4D7E-AE52-483664792BCA}.Release|x86.ActiveCfg = Release|Win32
		{AAD40264-FBBD-4D7E-AE52-483664792BCA}.Release|x86.Build.0 = Release|Win32
		{6361D7DE-D853-4882-9FAB-F613909484EE}.Debug|x64.ActiveCfg = Debug|x64
		{6361D7DE-D853-4882-9FAB-F613909484EE}.Debug|x64.Build.0 = Debug|x64
		{6361D7DE-D853-4882-9FAB-F613909484EE}.Debug|x86.ActiveCfg = Debug|Win32
		{6361D7DE-D853-4882-9FAB-F613909484EE}.Debug|x86.Build.0 = Debug|Win32
		{6361D7DE-D853-4882-9FAB-F613909484EE}.Release|x64.ActiveCfg = Release|x64
		{6361D7DE-D853-4882-9FAB-F613909484EE}.Release|x64.Build.0 = Release|x64
		{6361D7DE-D853-4882-9FAB-F613909484EE}.Release|x86.ActiveCfg = Release|Win32
		{6361D7DE-D853-4882-9FAB-F613909484EE}.Release|x86.Build.0 = Release|Win32
		{275EA433-AD7A-4EDE-9423-17BCD0C68197}.Debug|x64.ActiveCfg = Debug|x64
		{275EA433-AD7A-4EDE-9423-17BCD0C68197}.Debug|x64.Build.0 = Debug|x64
		{275EA433-AD7A-4EDE-9423-17BCD0C68197}.Debug|x86.ActiveCfg = Debug|Win32
		{275EA433-AD7A-4EDE-9423-17BCD0C68197}.Debug|x86.Build.0 = Debug|Win32
		{275EA433-AD7A-4EDE-9423-17BCD0C68197}.Release|x64.ActiveCfg = Release|x64
		{275EA433-AD7A-4EDE-9423-17BCD0C68197}.Release|x64.Build.0 = Release|x64
		{275EA433-AD7A-4EDE-9423-17BCD0C68197}.Release|x86.ActiveCfg = Release|Win32
		{275EA433-AD7A-4EDE-9423-17BCD0C68197}.Release|x86.Build.0 = Release|Win32
		{CD6EAEE4-6840-4408-9667-5E599C90497C}.Debug|x64.ActiveCfg = Debug|x64
		{CD6EAEE4-6840-4408-9667-5E599C90497C}.Debug|x64.Build.0 = Debug|x64
		{CD6EAEE4-6840-4408-9667-5E599C90497C}.Debug|x86.ActiveCfg = Debug|Win32
		{CD6EAEE4-6840-4408-9667-5E599C90497C}.Debug|x86.Build.0 = Debug|Win32
		{CD6EAEE4-6840-4408-9667-5E599C90497C}.Release|x64.ActiveCfg = Release|x64
		{CD6EAEE4-6840-4408-9667-5E599C90497C}.Release|x64.Build.0 = Release|x64
		{CD6EAEE4-6840-4408-9667-5E599C90497C}.Release|x86.ActiveCfg = Release|Win32
		{CD6EAEE4-6840-4408-9667-5E599C90497C}.Release|x86.Build.0 = Release|Win32
		{A82BB19E-9965-445E-96B3-BD73AAC4C373}.Debug|x64.ActiveCfg = Debug|x64
		{A82BB19E-9965-445E-96B3-BD73AAC4C373}.Debug|x64.Build.0 = Debug|x64
		{A82BB19E-9965-445E-96B3-BD73AAC4C373}.Debug|x86.ActiveCfg = Debug|Win32
		{A82BB19E-9965-445E-96B3-BD73AAC4C373}.Debug|x86.Build.0 = Debug|Win32
		{A82BB19E-9965-445E-96B3-BD73AAC4C373}.Release|x64.ActiveCfg = Release|x64
		{A82BB19E-9965-445E-96B3-BD73AAC4C373}.Release|x64.Build.0 = Release|x64
		{A82BB19E-9965-445E-96B3-BD73AAC4C373}.Release|x86.ActiveCfg = Release|Win32
		{A82BB19E-9965-445E-96B3-BD73AAC4C373}.Release|x86.Build.0 = Release|Win32
		{F39B7453-2915-4733-8920-7E7441554F28}.Debug|x64.ActiveCfg = Debug|x64
		{F39B7453-2915-4733-8920-7E7441554F28}.Debug|x64.Build.0 = Debug|x64
		{F39B7453-2915-4733-8920-7E7441554F28}.Debug|x86.ActiveCfg = Debug|Win32
		{F39B7453-2915-4733-8920-7E7441554F28}.Debug|x86.Build.0 = Debug|Win32
		{F39B7453-2915-4733-8920-7E7441554F28}.Release|x64.ActiveCfg = Release|x64
		{F39B7453-2915-4733-8920-7E7441554F28}.Release|x64.Build.0 = Release|x64
		{F39B7453-2915-4733-8920-7E7441554F28}.Release|x86.ActiveCfg = Release|Win32
		{F39B7453-2915-4733-8920-7E7441554F28}.Release|x86.Build.0 = Release|Win32
		{928E3996-660A-4CB6-8E41-83A0F7D3A6AD}.Debug|x64.ActiveCfg = Debug|x64
		{928E3996-660A-4CB6-8E41-83A0F7D3A6AD}.Debug|x64.Build.0 = Debug|x64
		{928E3996-660A-4CB6-8E41-83A0F7D3A6AD}.Debug|x86.ActiveCfg = Debug|Win32
		{928E3996-660A-4CB6-8E41-83A0F7D3A6AD}.Debug|x86.Build.0 = Debug|Win32
		{928E3996-660A-4CB6-8E41-83A0F7D3A6AD}.Release|x64.ActiveCfg = Release|x64
		{928E3996-660A-4CB6-8E41-83A0F7D3A6AD}.Release|x64.Build.0 = Release|x64
		{928E3996-660A-4CB6-8E41-83A0F7D3A6AD}.Release|x86.ActiveCfg = Release|Win32
		{928E3996-660A-4CB6-8E41-83A0F7D3A6AD}.Release|x86.Build.0 = Release|Win32
		{430B4370-D9BB-42E0-94FF-1CEFC1A5419A}.Debug|x64.ActiveCfg = Debug|x64
		{430B4370-D9BB-42E0-94FF-1CEFC1A5419A}.Debug|x64.Build.0 = Debug|x64
		{430B4370-D9BB-42E0-94FF-1CEFC1A5419A}.Debug|x86.ActiveCfg = Debug|Win32
		{430B4370-D9BB-42E0-94FF-1CEFC1A5419A}.Debug|x86.Build.0 = Debug|Win32
		{430B4370-D9BB-42E0-94FF-1CEFC1A5419A}.Release|x64.ActiveCfg = Release|x64
		{430B4370-D9BB-42E0-94FF-1CEFC1A5419A}.Release|x64.Build.0 = Release|x64
		{430B4370-D9BB-42E0-94FF-1CEFC1A5419A}.Release|x86.ActiveCfg = Release|Win32
		{430B4370-D9BB-42E0-94FF-1CEFC1A5419A}.Release|x86.Build.0 = Release|Win32
		{FB9AA802-FE25-44BC-9A78-2A0B83A7877F}.Debug|x64.ActiveCfg = Debug|x64
		{FB9AA802-FE25-44BC-9A78-2A0B83A7877F}.Debug|x64.Build.0 = Debug|x64
		{FB9AA802-FE25-44BC-9A78-2A0B83A7877F}.Debug|x86.ActiveCfg = Debug|Win32
		{FB9AA802-FE25-44BC-9A78-2A0B83A7877F}.Debug|x86.Build.0 = Debug|Win32
		{FB9AA802-FE25-44BC-9A78-2A0B83A7877F}.Release|x64.ActiveCfg = Release|x64
		{FB9AA802-FE25-44BC-9A78-2A0B83A7877F}.Release|x64.Build.0 = Release|x64
		{FB9AA802-FE25-44BC-9A78-2A0B83A7877F}.Release|x86.ActiveCfg = Release|Win32
		{FB9AA802-FE25-44BC-9A78-2A0B83A7877F}.Release|x86.Build.0 = Release|Win32
		{7661A431-0943-4D89-B2CD-11B4222FBEF1}.Debug|x64.ActiveCfg = Debug|x64
		{7661A431-0943-4D89-B2CD-11B4222FBEF1}.Debug|x64.Build.0 = Debug|x64
		{7661A431-0943-4D89-B2CD-11B4222FBEF1}.Debug|x86.ActiveCfg = Debug|Win32
		{7661A431-0943-4D89-B2CD-11B4222FBEF1}.Debug|x86.Build.0 = Debug|Win32
		{7661A431-0943-4D89-B2CD-11B4222FBEF1}.Release|x64.ActiveCfg = Release|x64
		{7661A431-0943-4D89-B2CD-11B4222FBEF1}.Release|x64.Build.0 = Release|x64
		{7661A431-0943-4D89-B2CD-11B4222FBEF1}.Release|x86.ActiveCfg = Release|Win32
		{7661A431-0943-4D89-B2CD-11B4222FBEF1}.Release|x86.Build.0 = Release|Win32
		{1A11E784-731A-4BA4-9A5A-327AC4BA4EAC}.Debug|x64.ActiveCfg = Debug|x64
		{1A11E784-731A-4BA4-9A5A-327AC4BA4EAC}.Debug|x64.Build.0 = Debug|x64
		{1A11E784-731A-4BA4-9A5A-327AC4BA4EAC}.Debug|x86.ActiveCfg = Debug|Win32
		{1A11E784-731A-4BA4-9A5A-327AC4BA4EAC}.Debug|x86.Build.0 = Debug|Win32
		{1A11E784-731A-4BA4-9A5A-327AC4BA4EAC}.Release|x64.ActiveCfg = Release|x64
		{1A11E784-731A-4BA4-9A5A-327AC4BA4EAC}.Release|x64.Build.0 = Release|x64
		{1A11E784-731A-4BA4-9A5A-327AC4BA4EAC}.Release|x86.ActiveCfg = Release|Win32
		{1A11E784-731A-4BA4-9A5A-327AC4BA4EAC}.Release|x86.Build.0 = Release|Win32
		{2DB1E7F2-77FE-4C1D-BAD5-650C84242A94}.Debug|x64.ActiveCfg = Debug|x64
		{2DB1E7F2-77FE-4C1D-BAD5-650C84242A94}.Debug|x64.Build.0 = Debug|x64
		{2DB1E7F2-77FE-4C1D-BAD5-650C84242A94}.Debug|x86.ActiveCfg = Debug|Win32
		{2DB1E7F2-77FE-4C1D-BAD5-650C84242A94}.Debug|x86.Build.0 = Debug|Win32
		{2DB1E7F2-77FE-4C1D-BAD5-650C84242A94}.Release|x64.ActiveCfg = Release|x64
		{2DB1E7F2-77FE-4C1D-BAD5-650C84242A94}.Release|x64.Build.0 = Release|x64
		{2DB1E7F2-77FE-4C1D-BAD5-650C84242A94}.Release|x86.ActiveCfg = Release|Win32
		{2DB1E7F2-77FE-4C1D-BAD5-650C84242A94}.Release|x86.Build.0 = Release|Win32
		{0E29125A-117F-4C86-AA2D-698876D27200}.Debug|x64.ActiveCfg = Debug|x64
		{0E29125A-117F-4C86-AA2D-698876D27200}.Debug|x64.Build.0 = Debug|x64
		{0E29125A-117F-4C86-AA2D-698876D27200}.Debug|x86.ActiveCfg = Debug|Win32
		{0E29125A-117F-4C86-AA2D-698876D27200}.Debug|x86.Build.0 = Debug|Win32
		{0E29125A-117F-4C86-AA2D-698876D27200}.Release|x64.ActiveCfg = Release|x64
		{0E29125A-117F-4C86-AA2D-698876D27200}.Release|x64.Build.0 = Release|x64
		{0E29125A-117F-4C86-AA2D-698876D27200}.Release|x86.ActiveCfg = Release|Win32
		{0E29125A-117F-4C86-AA2D-698876D27200}.Release|x86.Build.0 = Release|Win32
		{A720EDF4-333B-412A-8175-8C40A42A8C1A}.Debug|x64.ActiveCfg = Debug|x64
		{A720EDF4-333B-412A-8175-8C40A42A8C1A}.Debug|x64.Build.0 = Debug|x64
		{A720EDF4-333B-412A-8175-8C40A42A8C1A}.Debug|x86.ActiveCfg = Debug|Win32
		{A720EDF4-333B-412A-8175-8C40A42A8C1A}.Debug|x86.Build.0 = Debug|Win32
		{A720EDF4-333B-412A-8175-8C40A42A8C1A}.Release|x64.ActiveCfg = Release|x64
		{A720EDF4-333B-412A-8175-8C40A42A8C1A}.Release|x64.Build.0 = Release|x64
		{A720EDF4-333B-412A-8175-8C40A42A8C1A}.Release|x86.ActiveCfg = Release|Win32
		{A720EDF4-333B-412A-8175-8C40A42A8C1A}.Release|x86.Build.0 = Release|Win32
		{42993130-3BE5-45A0-9F52-996653E4C27F}.Debug|x64.ActiveCfg = Debug|x64
		{42993130-3BE5-45A0-9F52-996653E4C27F}.Debug|x64.Build.0 = Debug|x64
		{42993130-3BE5-45A0-9F52-996653E4C27F}.Debug|x86.ActiveCfg = Debug|Win32
		{42993130-3BE5-45A0-9F52-996653E4C27F}.Debug|x86.Build.0 = Debug|Win32
		{42993130-3BE5-45A0-9F52-996653E4C27F}.Release|x64.ActiveCfg = Release|x64
		{42993130-3BE5-45A0-9F52-996653E4C27F}.Release|x64.Build.0 = Release|x64
		{42993130-3BE5-45A0-9F52-996653E4C27F}.Release|x86.ActiveCfg = Release|Win32
		{42993130-3BE5-45A0-9F52-996653E4C27F}.Release|x86.Build.0 = Release|Win32
		{257677BE-474F-4B7F-9A7E-D9787A9C3F65}.Debug|x64.ActiveCfg = Debug|x64
		{257677BE-474F-4B7F-9A7E-D9787A9C3F65}.Debug|x64.Build.0 = Debug|x64
		{257677BE-474F-4B7F-9A7E-D9787A9C3F65}.Debug|x86.ActiveCfg = Debug|Win32
		{257677BE-474F-4B7F-9A7E-D9787A9C3F65}.Debug|x86.Build.0 = Debug|Win32
		{257677BE-474F-4B7F-9A7E-D9787A9C3F65}.Release|x64.ActiveCfg = Release|x64
		{257677BE-474F-4B7F-9A7E-D9787A9C3F65}.Release|x64.Build.0 = Release|x64
		{257677BE-474F-4B7F-9A7E-D9787A9C3F65}.Release|x86.ActiveCfg = Release|Win32
		{257677BE-474F-4B7F-9A7E-D9787A9C3F65}.Release|x86.Build.0 = Release|Win32
		{F9726F3F-1CC7-496A-9918-77E482C6DAFE}.Debug|x64.ActiveCfg = Debug|x64
		{F9726F3F-1CC7-496A-9918-77E482C6DAFE}.Debug|x64.Build.0 = Debug|x64
		{F9726F3F-1CC7-496A-9918-77E482C6DAFE}.Debug|x86.ActiveCfg = Debug|Win32
		{F9726F3F-1CC7-496A-9918-77E482C6DAFE}.Debug|x86.Build.0 = Debug|Win32
		{F9726F3F-1CC7-496A-9918-77E482C6DAFE}.Release|x64.ActiveCfg = Release|x64
		{F9726F3F-1CC7-496A-9918-77E482C6DAFE}.Release|x64.Build.0 = Release|x64
		{F9726F3F-1CC7-496A-9918-77E482C6DAFE}.Release|x86.ActiveCfg = Release|Win32
		{F9726F3F-1CC7-496A-9918-77E482C6DAFE}.Release|x86.Build.0 = Release|Win32
		{1F709D0B-CA48-4638-A3E9-CA6546B968F3}.Debug|x64.ActiveCfg = Debug|x64
		{1F709D0B-CA48-4638-A3E9-CA6546B968F3}.Debug|x64.Build.0 = Debug|x64
		{1F709D0B-CA48-4638-A3E9-CA6546B968F3}.Debug|x86.ActiveCfg = Debug|Win32
		{1F709D0B-CA48-4638-A3E9-CA6546B968F3}.Debug|x86.Build.0 = Debug|Win32
		{1F709D0B-CA48-4638-A3E9-CA6546B968F3}.Release|x64.ActiveCfg = Release|x64
		{1F709D0B-CA48-4638-A3E9-CA6546B968F3}.Release|x64.Build.0 = Release|x64
		{1F709D0B-CA48-4638-A3E9-CA6546B968F3}.Release|x86.ActiveCfg = Release|Win32
		{1F709D0B-CA48-4638-A3E9-CA6546B968F3}.Release|x86.Build.0 = Release|Win32
		{05B1FD43-38A1-40BF-9BB1-387273BEF7B0}.Debug|x64.ActiveCfg = Debug|x64
		{05B1FD43-38A1-40BF-9BB1-387273BEF7B0}.Debug|x64.Build.0 = Debug|x64
		{05B1FD43-38A1-40BF-9BB1-387273BEF7B0}.Debug|x86.ActiveCfg = Debug|Win32
		{05B1FD43-38A1-40BF-9BB1-387273BEF7B0}.Debug|x86.Build.0 = Debug|Win32
		{05B1FD43-38A1-40BF-9BB1-387273BEF7B0}.Release|x64.ActiveCfg = Release|x64
		{05B1FD43-38A1-40BF-9BB1-387273BEF7B0}.Release|x64.Build.0 = Release|x64
		{05B1FD43-38A1-40BF-9BB1-387273BEF7B0}.Release|x86.ActiveCfg = Release|Win32
		{05B1FD43-38A1-40BF-9BB1-387273BEF7B0}.Release|x86.Build.0 = Release|Win32
		{21E32D3E-219E-42F1-8750-ABD033582FCC}.Debug|x64.ActiveCfg = Debug|x64
		{21E32D3E-219E-42F1-8750-ABD033582FCC}.Debug|x64.Build.0 = Debug|x64
		{21E32D3E-219E-42F1-8750-ABD033582FCC}.Debug|x86.ActiveCfg = Debug|Win32
		{21E32D3E-219E-42F1-8750-ABD033582FCC}.Debug|x86.Build.0 = Debug|Win32
		{21E32D3E-219E-42F1-8750-ABD033582FCC}.Release|x64.ActiveCfg = Release|x64
		{21E32D3E-219E-42F1-8750-ABD033582FCC}.Release|x64.Build.0 = Release|x64
		{21E32D3E-219E-42F1-8750-ABD033582FCC}.Release|x86.ActiveCfg = Release|Win32
		{21E32D3E-219E-42F1-8750-ABD033582FCC}.Release|x86.Build.0 = Release|Win32
		{1A1E0E31-B5B8-4B54-80D2-AD6397A837B8}.Debug|x64.ActiveCfg = Debug|x64
		{1A1E0E31-B5B8-4B54-80D2-AD6397A837B8}.Debug|x64.Build.0 = Debug|x64
		{1A1E0E31-B5B8-4B54-80D2-AD6397A837B8}.Debug|x86.ActiveCfg = Debug|Win32
		{1A1E0E31-B5B8-4B54-80D2-AD6397A837B8}.Debug|x86.Build.0 = Debug|Win32
		{1A1E0E31-B5B8-4B54-80D2-AD6397A837B8}.Release|x64.ActiveCfg = Release|x64
		{1A1E0E31-B5B8-4B54-80D2-AD6397A837B8}.Release|x64.Build.0 = Release|x64
		{1A1E0E31-B5B8-4B54-80D2-AD6397A837B8}.Release|x86.ActiveCfg = Release|Win32
		{1A1E0E31-B5B8-4B54-80D2-AD6397A837B8}.Release|x86.Build.0 = Release|Win32
		{62D1E1E1-C9FC-44D8-8BBB-621427B71F6B}.Debug|x64.ActiveCfg = Debug|x64
		{62D1E1E1-C9FC-44D8-8BBB-621427B71F6B}.Debug|x64.Build.0 = Debug|x64
		{62D1E1E1-C9FC-44D8-8BBB-621427B71F6B}.Debug|x86.ActiveCfg = Debug|Win32
		{62D1E1E1-C9FC-44D8-8BBB-621427B71F6B}.Debug|x86.Build.0 = Debug|Win32
		{62D1E1E1-C9FC-44D8-8BBB-621427B71F6B}.Release|x64.ActiveCfg = Release|x64
		{62D1E1E1-C9FC-44D8-8BBB-621427B71F6B}.Release|x64.Build.0 = Release|x64
		{62D1E1E1-C9FC-44D8-8BBB-621427B71F6B}.Release|x86.ActiveCfg = Release|Win32
		{62D1E1E1-C9FC-44D8-8BBB-621427B71F6B}.Release|x86.Build.0 = Release|Win32
		{D6D024B0-4F13-4FE5-85B7-CE920A52DA9F}.Debug|x64.ActiveCfg = Debug|x64
		{D6D024B0-4F13-4FE5-85B7-CE920A52DA9F}.Debug|x64.Build.0 = Debug|x64
		{D6D024B0-4F13-4FE5-85B7-CE920A52DA9F}.Debug|x86.ActiveCfg = Debug|Win32
		{D6D024B0-4F13-4FE5-85B7-CE920A52DA9F}.Debug|x86.Build.0 = Debug|Win32
		{D6D024B0-4F13-4FE5-85B7-CE920A52DA9F}.Release|x64.ActiveCfg = Release|x64
		{D6D024B0-4F13-4FE5-85B7-CE920A52DA9F}.Release|x64.Build.0 = Release|x64
		{D6D024B0-4F13-4FE5-85B7-CE920A52DA9F}.Release|x86.ActiveCfg = Release|Win32
		{D6D024B0-4F13-4FE5-85B7-CE920A52DA9F}.Release|x86.Build.0 = Release|Win32
		{9DA34933-ABB3-4F73-9528-60872AA8E797}.Debug|x64.ActiveCfg = Debug|x64
		{9DA34933-ABB3-4F73-9528-60872AA8E797}.Debug|x64.Build.0 = Debug|x64
		{9DA34933-ABB3-4F73-9528-60872AA8E797}.Debug|x86.ActiveCfg = Debug|Win32
		{9DA34933-ABB3-4F73-9528-60872AA8E797}.Debug|x86.Build.0 = Debug|Win32
		{9DA34933-ABB3-4F73-9528-60872AA8E797}.Release|x64.ActiveCfg = Release|x64
		{9DA34933-ABB3-4F73-9528-60872AA8E797}.Release|x64.Build.0 = Release|x64
		{9DA34933-ABB3-4F73-9528-60872AA8E797}.Release|x86.ActiveCfg = Release|Win32
		{9DA34933-ABB3-4F73-9528-60872AA8E797}.Release|x86.Build.0 = Release|Win32
		{BE4857E5-046D-40A6-A8E5-7CBE3F874F59}.Debug|x64.ActiveCfg = Debug|x64
		{BE4857E5-046D-40A6-A8E5-7CBE3F874F59}.Debug|x64.Build.0 = Debug|x64
		{BE4857E5-046D-40A6-A8E5-7CBE3F874F59}.Debug|x86.ActiveCfg = Debug|Win32
		{BE4857E5-046D-40A6-A8E5-7CBE3F874F59}.Debug|x86.Build.0 = Debug|Win32
		{BE4857E5-046D-40A6-A8E5-7CBE3F874F59}.Release|x64.ActiveCfg = Release|x64
		{BE4857E5-046D-40A6-A8E5-7CBE3F874F59}.Release|x64.Build.0 = Release|x64
		{BE4857E5-046D-40A6-A8E5-7CBE3F874F59}.Release|x86.ActiveCfg = Release|Win32
		{BE4857E5-046D-40A6-A8E5-7CBE3F874F59}.Release|x86.Build.0 = Release|Win32
		{9C143F14-333E-4CF7-BBD8-8B3F638D7A34}.Debug|x64.ActiveCfg = Debug|x64
		{9C143F14-333E-4CF7-BBD8-8B3F638D7A34}.Debug|x64.Build.0 = Debug|x64
		{9C143F14-333E-4CF7-BBD8-8B3F638D7A34}.Debug|x86.ActiveCfg = Debug|Win32
		{9C143F14-333E-4CF7-BBD8-8B3F638D7A34}.Debug|x86.Build.0 = Debug|Win32
		{9C143F14-333E-4CF7-BBD8-8B3F638D7A34}.Release|x64.ActiveCfg = Release|x64
		{9C143F14-333E-4CF7-BBD8-8B3F638D7A34}.Release|x64.Build.0 = Release|x64
		{9C143F14-333E-4CF7-BBD8-8B3F638D7A34}.Release|x86.ActiveCfg = Release|Win32
		{9C143F14-333E-4CF7-BBD8-8B3F638D7A34}.Release|x86.Build.0 = Release|Win32
		{04D6846B-FE56-4C63-9644-50A644BCAAD6}.Debug|x64.ActiveCfg = Debug|x64
		{04D6846B-FE56-4C63-9644-50A644BCAAD6}.Debug|x64.Build.0 = Debug|x64
		{04D6846B-FE56-4C63-9644-50A644BCAAD6}.Debug|x86.ActiveCfg = Debug|Win32
		{04D6846B-FE56-4C63-9644-50A644BCAAD6}.Debug|x86.Build.0 = Debug|Win32
		{04D6846B-FE56-4C63-9644-50A644BCAAD6}.Release|x64.ActiveCfg = Release|x64
		{04D6846B-FE56-4C63-9644-50A644BCAAD6}.Release|x64.Build.0 = Release|x64
		{04D6846B-FE56-4C63-9644-50A644BCAAD6}.Release|x86.ActiveCfg = Release|Win32
		{04D6846B-FE56-4C63-9644-50A644BCAAD6}.Release|x86.Build.0 = Release|Win32
	EndGlobalSection
	GlobalSection(SolutionProperties) = preSolution
		HideSolutionNode = FALSE
	EndGlobalSection
	GlobalSection(NestedProjects) = preSolution
		{2AEC4270-1A18-4210-AEE2-B8A3DD2333FD} = {D0D24757-8EAC-4220-9ECF-F13FDAD985D3}
		{BC9DF0B3-AD5F-4A3E-A1AC-4C223550B7A7} = {D0D24757-8EAC-4220-9ECF-F13FDAD985D3}
		{56263B62-4639-4349-9F19-EFE22F329324} = {D0D24757-8EAC-4220-9ECF-F13FDAD985D3}
		{CE800D41-574C-415E-9C0C-3FB56A665D4F} = {D0D24757-8EAC-4220-9ECF-F13FDAD985D3}
		{6BAB4BCE-1104-4E8B-8101-4A67AB3EA7B9} = {D0D24757-8EAC-4220-9ECF-F13FDAD985D3}
		{741BA6CE-E6AF-46DA-8E2E-39FA87C30A79} = {D0D24757-8EAC-4220-9ECF-F13FDAD985D3}
		{475CBB9A-5B40-4E80-BBE9-FCB9C62F3647} = {B38A3E52-6009-41DD-8857-72101B1A291B}
		{074067A6-F360-4AF9-8885-5BECC7EEB702} = {475CBB9A-5B40-4E80-BBE9-FCB9C62F3647}
		{C9986389-9DD7-4324-B31D-31151008D8F6} = {B38A3E52-6009-41DD-8857-72101B1A291B}
		{5C048CA8-AFAD-4CC6-BCA3-D7E5694F5AC3} = {C9986389-9DD7-4324-B31D-31151008D8F6}
		{D862EF9F-D17D-4E01-87DA-49E2129EDFDE} = {C9986389-9DD7-4324-B31D-31151008D8F6}
		{D5EBF1FB-96D3-4CCC-A9D8-6D1C59F89F18} = {C9986389-9DD7-4324-B31D-31151008D8F6}
		{3D99B40D-0D8D-465E-B5B9-D14F45AC0B32} = {475CBB9A-5B40-4E80-BBE9-FCB9C62F3647}
		{3523A48D-9175-450F-BD40-98BA58024C05} = {475CBB9A-5B40-4E80-BBE9-FCB9C62F3647}
		{D0D24757-8EAC-4220-9ECF-F13FDAD985D3} = {B38A3E52-6009-41DD-8857-72101B1A291B}
		{DFEB9C7A-CF46-4BB2-B321-85A27D821A44} = {B38A3E52-6009-41DD-8857-72101B1A291B}
		{C104F82D-08D4-4DA2-902D-2B765E8910C8} = {DFEB9C7A-CF46-4BB2-B321-85A27D821A44}
		{AE759B08-C469-4B47-B8BD-24E59B9A4FB7} = {DFEB9C7A-CF46-4BB2-B321-85A27D821A44}
		{1B59B19C-6C84-41A8-8042-4959CB8224E8} = {DFEB9C7A-CF46-4BB2-B321-85A27D821A44}
		{223D1816-5D54-4424-ADD5-641FAE05A02A} = {475CBB9A-5B40-4E80-BBE9-FCB9C62F3647}
		{3D369FAD-7333-403C-9FAA-67191AF7566B} = {475CBB9A-5B40-4E80-BBE9-FCB9C62F3647}
		{AAD40264-FBBD-4D7E-AE52-483664792BCA} = {475CBB9A-5B40-4E80-BBE9-FCB9C62F3647}
		{6361D7DE-D853-4882-9FAB-F613909484EE} = {475CBB9A-5B40-4E80-BBE9-FCB9C62F3647}
		{275EA433-AD7A-4EDE-9423-17BCD0C68197} = {475CBB9A-5B40-4E80-BBE9-FCB9C62F3647}
		{CD6EAEE4-6840-4408-9667-5E599C90497C} = {475CBB9A-5B40-4E80-BBE9-FCB9C62F3647}
		{8E25FE9C-9D0C-4C8F-ACF5-B1D85F27EAC0} = {571506DD-3AAC-4282-ABEA-BBAC631BB31A}
		{A82BB19E-9965-445E-96B3-BD73AAC4C373} = {8E25FE9C-9D0C-4C8F-ACF5-B1D85F27EAC0}
		{F39B7453-2915-4733-8920-7E7441554F28} = {8E25FE9C-9D0C-4C8F-ACF5-B1D85F27EAC0}
		{E9A1A406-7E83-4C98-B697-3AF1E36F23E7} = {571506DD-3AAC-4282-ABEA-BBAC631BB31A}
		{928E3996-660A-4CB6-8E41-83A0F7D3A6AD} = {E9A1A406-7E83-4C98-B697-3AF1E36F23E7}
		{430B4370-D9BB-42E0-94FF-1CEFC1A5419A} = {E9A1A406-7E83-4C98-B697-3AF1E36F23E7}
		{FB9AA802-FE25-44BC-9A78-2A0B83A7877F} = {E9A1A406-7E83-4C98-B697-3AF1E36F23E7}
		{7661A431-0943-4D89-B2CD-11B4222FBEF1} = {8E25FE9C-9D0C-4C8F-ACF5-B1D85F27EAC0}
		{1A11E784-731A-4BA4-9A5A-327AC4BA4EAC} = {8E25FE9C-9D0C-4C8F-ACF5-B1D85F27EAC0}
		{2DB1E7F2-77FE-4C1D-BAD5-650C84242A94} = {8E25FE9C-9D0C-4C8F-ACF5-B1D85F27EAC0}
		{0E29125A-117F-4C86-AA2D-698876D27200} = {E9A1A406-7E83-4C98-B697-3AF1E36F23E7}
		{A720EDF4-333B-412A-8175-8C40A42A8C1A} = {E9A1A406-7E83-4C98-B697-3AF1E36F23E7}
		{42993130-3BE5-45A0-9F52-996653E4C27F} = {E9A1A406-7E83-4C98-B697-3AF1E36F23E7}
		{D6970940-4499-4350-8A19-371E8AA5A478} = {571506DD-3AAC-4282-ABEA-BBAC631BB31A}
		{257677BE-474F-4B7F-9A7E-D9787A9C3F65} = {D6970940-4499-4350-8A19-371E8AA5A478}
		{F9726F3F-1CC7-496A-9918-77E482C6DAFE} = {D6970940-4499-4350-8A19-371E8AA5A478}
		{1F709D0B-CA48-4638-A3E9-CA6546B968F3} = {E9A1A406-7E83-4C98-B697-3AF1E36F23E7}
		{05B1FD43-38A1-40BF-9BB1-387273BEF7B0} = {E9A1A406-7E83-4C98-B697-3AF1E36F23E7}
		{21E32D3E-219E-42F1-8750-ABD033582FCC} = {E9A1A406-7E83-4C98-B697-3AF1E36F23E7}
		{47B3A4CD-EB62-4E3E-BA46-2796762A8A67} = {571506DD-3AAC-4282-ABEA-BBAC631BB31A}
		{1A1E0E31-B5B8-4B54-80D2-AD6397A837B8} = {47B3A4CD-EB62-4E3E-BA46-2796762A8A67}
		{62D1E1E1-C9FC-44D8-8BBB-621427B71F6B} = {47B3A4CD-EB62-4E3E-BA46-2796762A8A67}
		{D6D024B0-4F13-4FE5-85B7-CE920A52DA9F} = {47B3A4CD-EB62-4E3E-BA46-2796762A8A67}
		{9DA34933-ABB3-4F73-9528-60872AA8E797} = {E9A1A406-7E83-4C98-B697-3AF1E36F23E7}
		{BE4857E5-046D-40A6-A8E5-7CBE3F874F59} = {E9A1A406-7E83-4C98-B697-3AF1E36F23E7}
		{9C143F14-333E-4CF7-BBD8-8B3F638D7A34} = {E9A1A406-7E83-4C98-B697-3AF1E36F23E7}
		{04D6846B-FE56-4C63-9644-50A644BCAAD6} = {E9A1A406-7E83-4C98-B697-3AF1E36F23E7}
	EndGlobalSection
	GlobalSection(ExtensibilityGlobals) = postSolution
		SolutionGuid = {5E4948DE-395C-4740-B958-BA608130B1CE}
	EndGlobalSection
EndGlobal
