
Microsoft Visual Studio Solution File, Format Version 12.00
# Visual Studio Version 16
VisualStudioVersion = 16.0.30309.148
MinimumVisualStudioVersion = 10.0.40219.1
Project("{8BC9CEB8-8B4A-11D0-8D11-00A0C91BC942}") = "1_HelloWorld", "HelloWorld\HelloWorld.vcxproj", "{2AEC4270-1A18-4210-AEE2-B8A3DD2333FD}"
EndProject
Project("{2150E333-8FDC-42A3-9474-1A3956D46DE8}") = "W1", "W1", "{B38A3E52-6009-41DD-8857-72101B1A291B}"
EndProject
Project("{8BC9CEB8-8B4A-11D0-8D11-00A0C91BC942}") = "2_DataTypes", "DataTypes\DataTypes.vcxproj", "{BC9DF0B3-AD5F-4A3E-A1AC-4C223550B7A7}"
EndProject
Project("{8BC9CEB8-8B4A-11D0-8D11-00A0C91BC942}") = "3_SimpleTypesOperations", "SimpleTypesOperations\SimpleTypesOperations.vcxproj", "{56263B62-4639-4349-9F19-EFE22F329324}"
EndProject
Project("{8BC9CEB8-8B4A-11D0-8D11-00A0C91BC942}") = "4_OperationsWithContainerts", "4_OperationsWithContainerts\4_OperationsWithContainerts.vcxproj", "{CE800D41-574C-415E-9C0C-3FB56A665D4F}"
EndProject
Project("{8BC9CEB8-8B4A-11D0-8D11-00A0C91BC942}") = "5_InputAndOutput", "5_InputAndOutput\5_InputAndOutput.vcxproj", "{6BAB4BCE-1104-4E8B-8101-4A67AB3EA7B9}"
EndProject
Project("{8BC9CEB8-8B4A-11D0-8D11-00A0C91BC942}") = "6_LoopsContitionsETC", "LoopsContitionsETC\LoopsContitionsETC.vcxproj", "{741BA6CE-E6AF-46DA-8E2E-39FA87C30A79}"
EndProject
Project("{2150E333-8FDC-42A3-9474-1A3956D46DE8}") = "Programming Assignments", "Programming Assignments", "{475CBB9A-5B40-4E80-BBE9-FCB9C62F3647}"
EndProject
Project("{8BC9CEB8-8B4A-11D0-8D11-00A0C91BC942}") = "PA1", "PA1\PA1.vcxproj", "{074067A6-F360-4AF9-8885-5BECC7EEB702}"
EndProject
Project("{2150E333-8FDC-42A3-9474-1A3956D46DE8}") = "Operations", "Operations", "{C9986389-9DD7-4324-B31D-31151008D8F6}"
EndProject
Project("{8BC9CEB8-8B4A-11D0-8D11-00A0C91BC942}") = "1_Assignment", "1_Assignment\1_Assignment.vcxproj", "{5C048CA8-AFAD-4CC6-BCA3-D7E5694F5AC3}"
EndProject
Project("{8BC9CEB8-8B4A-11D0-8D11-00A0C91BC942}") = "2_DivisionAndIncriment", "DivisionAndIncriment\DivisionAndIncriment.vcxproj", "{D862EF9F-D17D-4E01-87DA-49E2129EDFDE}"
EndProject
Project("{8BC9CEB8-8B4A-11D0-8D11-00A0C91BC942}") = "3_LogicalsOperations", "3_LogicalsOperations\3_LogicalsOperations.vcxproj", "{D5EBF1FB-96D3-4CCC-A9D8-6D1C59F89F18}"
EndProject
Project("{8BC9CEB8-8B4A-11D0-8D11-00A0C91BC942}") = "PA2_MinimalString", "PA2\PA2.vcxproj", "{3D99B40D-0D8D-465E-B5B9-D14F45AC0B32}"
EndProject
Project("{8BC9CEB8-8B4A-11D0-8D11-00A0C91BC942}") = "PA3_SquareEqRoots", "PA3\PA3.vcxproj", "{3523A48D-9175-450F-BD40-98BA58024C05}"
EndProject
Project("{2150E333-8FDC-42A3-9474-1A3956D46DE8}") = "C++Posibilities", "C++Posibilities", "{D0D24757-8EAC-4220-9ECF-F13FDAD985D3}"
EndProject
Project("{2150E333-8FDC-42A3-9474-1A3956D46DE8}") = "LoopsAndCondtitions", "LoopsAndCondtitions", "{DFEB9C7A-CF46-4BB2-B321-85A27D821A44}"
EndProject
Project("{8BC9CEB8-8B4A-11D0-8D11-00A0C91BC942}") = "IfClause", "TestingPrinciples\TestingPrinciples.vcxproj", "{C104F82D-08D4-4DA2-902D-2B765E8910C8}"
EndProject
Project("{8BC9CEB8-8B4A-11D0-8D11-00A0C91BC942}") = "WhileLoops", "WhileLoops\WhileLoops.vcxproj", "{AE759B08-C469-4B47-B8BD-24E59B9A4FB7}"
EndProject
Project("{8BC9CEB8-8B4A-11D0-8D11-00A0C91BC942}") = "ForLoop", "ForLoop\ForLoop.vcxproj", "{1B59B19C-6C84-41A8-8042-4959CB8224E8}"
EndProject
Project("{8BC9CEB8-8B4A-11D0-8D11-00A0C91BC942}") = "PA4_Division", "PA4_Division\PA4_Division.vcxproj", "{223D1816-5D54-4424-ADD5-641FAE05A02A}"
EndProject
Project("{8BC9CEB8-8B4A-11D0-8D11-00A0C91BC942}") = "PA5_ProductPriceCalculation", "PA5_ProductPriceCalculation\PA5_ProductPriceCalculation.vcxproj", "{3D369FAD-7333-403C-9FAA-67191AF7566B}"
EndProject
Project("{8BC9CEB8-8B4A-11D0-8D11-00A0C91BC942}") = "PA6_EvenNumbers", "PA6_EvenNumbers\PA6_EvenNumbers.vcxproj", "{AAD40264-FBBD-4D7E-AE52-483664792BCA}"
EndProject
Project("{8BC9CEB8-8B4A-11D0-8D11-00A0C91BC942}") = "PA7_FirstEncounter", "PA7_FirstEncounter\PA7_FirstEncounter.vcxproj", "{6361D7DE-D853-4882-9FAB-F613909484EE}"
EndProject
Project("{8BC9CEB8-8B4A-11D0-8D11-00A0C91BC942}") = "PA8_GreatestCommonDivisor", "PA8_GreatestCommonDivisor\PA8_GreatestCommonDivisor.vcxproj", "{275EA433-AD7A-4EDE-9423-17BCD0C68197}"
EndProject
Project("{8BC9CEB8-8B4A-11D0-8D11-00A0C91BC942}") = "PA9_BinaryNumbers", "PA9_BinaryNumbers\PA9_BinaryNumbers.vcxproj", "{CD6EAEE4-6840-4408-9667-5E599C90497C}"
EndProject
Project("{2150E333-8FDC-42A3-9474-1A3956D46DE8}") = "W2", "W2", "{571506DD-3AAC-4282-ABEA-BBAC631BB31A}"
EndProject
Project("{2150E333-8FDC-42A3-9474-1A3956D46DE8}") = "Functions", "Functions", "{8E25FE9C-9D0C-4C8F-ACF5-B1D85F27EAC0}"
EndProject
Project("{8BC9CEB8-8B4A-11D0-8D11-00A0C91BC942}") = "1_FunctionsIntroduction", "1_FunctionsIntroduction\1_FunctionsIntroduction.vcxproj", "{A82BB19E-9965-445E-96B3-BD73AAC4C373}"
EndProject
Project("{8BC9CEB8-8B4A-11D0-8D11-00A0C91BC942}") = "2_PassingFuncParamsByValue", "2_PassingFuncParamsByValue\2_PassingFuncParamsByValue.vcxproj", "{F39B7453-2915-4733-8920-7E7441554F28}"
EndProject
Project("{2150E333-8FDC-42A3-9474-1A3956D46DE8}") = "ProgrammingAsignments", "ProgrammingAsignments", "{E9A1A406-7E83-4C98-B697-3AF1E36F23E7}"
EndProject
Project("{8BC9CEB8-8B4A-11D0-8D11-00A0C91BC942}") = "PA1_Factorial", "PA1_Factorial\PA1_Factorial.vcxproj", "{928E3996-660A-4CB6-8E41-83A0F7D3A6AD}"
EndProject
Project("{8BC9CEB8-8B4A-11D0-8D11-00A0C91BC942}") = "PA2_Palindrom", "PA2_Palindrom\PA2_Palindrom.vcxproj", "{430B4370-D9BB-42E0-94FF-1CEFC1A5419A}"
EndProject
Project("{8BC9CEB8-8B4A-11D0-8D11-00A0C91BC942}") = "PA3_PalindromFilter", "PA3_PalindromFilter\PA3_PalindromFilter.vcxproj", "{FB9AA802-FE25-44BC-9A78-2A0B83A7877F}"
EndProject
Project("{8BC9CEB8-8B4A-11D0-8D11-00A0C91BC942}") = "3_ReferenceParameterForFunctions", "3_ReferenceParameterForFunctions\3_ReferenceParameterForFunctions.vcxproj", "{7661A431-0943-4D89-B2CD-11B4222FBEF1}"
EndProject
Project("{8BC9CEB8-8B4A-11D0-8D11-00A0C91BC942}") = "4_PassingFuncParamsByConstantReference", "4_PassingFuncParamsByConstantReference\4_PassingFuncParamsByConstantReference.vcxproj", "{1A11E784-731A-4BA4-9A5A-327AC4BA4EAC}"
EndProject
Project("{8BC9CEB8-8B4A-11D0-8D11-00A0C91BC942}") = "5_constModificationToProtectAccidentalCahnges", "5_constModificationToProtectAccidentalCahnges\5_constModificationToProtectAccidentalCahnges.vcxproj", "{2DB1E7F2-77FE-4C1D-BAD5-650C84242A94}"
EndProject
Project("{8BC9CEB8-8B4A-11D0-8D11-00A0C91BC942}") = "PA4_Maximizer", "PA4_Maximizer\PA4_Maximizer.vcxproj", "{0E29125A-117F-4C86-AA2D-698876D27200}"
EndProject
Project("{8BC9CEB8-8B4A-11D0-8D11-00A0C91BC942}") = "PA5_StringsTransfer", "PA5_StringsTransfer\PA5_StringsTransfer.vcxproj", "{A720EDF4-333B-412A-8175-8C40A42A8C1A}"
EndProject
Project("{8BC9CEB8-8B4A-11D0-8D11-00A0C91BC942}") = "PA6_SequenceReverse", "PA6_SequenceReverse\PA6_SequenceReverse.vcxproj", "{42993130-3BE5-45A0-9F52-996653E4C27F}"
EndProject
Project("{2150E333-8FDC-42A3-9474-1A3956D46DE8}") = "Vectors", "Vectors", "{D6970940-4499-4350-8A19-371E8AA5A478}"
EndProject
Project("{8BC9CEB8-8B4A-11D0-8D11-00A0C91BC942}") = "1_VectorsP1", "1_VectorsP1\1_VectorsP1.vcxproj", "{257677BE-474F-4B7F-9A7E-D9787A9C3F65}"
EndProject
Project("{8BC9CEB8-8B4A-11D0-8D11-00A0C91BC942}") = "2_VectorP2", "2_VectorP2\2_VectorP2.vcxproj", "{F9726F3F-1CC7-496A-9918-77E482C6DAFE}"
EndProject
Project("{8BC9CEB8-8B4A-11D0-8D11-00A0C91BC942}") = "PA7_AverageTemperature", "PA7_AverageTemperature\PA7_AverageTemperature.vcxproj", "{1F709D0B-CA48-4638-A3E9-CA6546B968F3}"
EndProject
Project("{8BC9CEB8-8B4A-11D0-8D11-00A0C91BC942}") = "PA8_Queue", "PA8_Queue\PA8_Queue.vcxproj", "{05B1FD43-38A1-40BF-9BB1-387273BEF7B0}"
EndProject
Project("{8BC9CEB8-8B4A-11D0-8D11-00A0C91BC942}") = "PA9_MonthlyAffairs", "PA9_MonthlyAffairs\PA9_MonthlyAffairs.vcxproj", "{21E32D3E-219E-42F1-8750-ABD033582FCC}"
EndProject
Project("{2150E333-8FDC-42A3-9474-1A3956D46DE8}") = "MapContainer", "MapContainer", "{47B3A4CD-EB62-4E3E-BA46-2796762A8A67}"
EndProject
Project("{8BC9CEB8-8B4A-11D0-8D11-00A0C91BC942}") = "1_DictionariesP1", "1_DictionariesP1\1_DictionariesP1.vcxproj", "{1A1E0E31-B5B8-4B54-80D2-AD6397A837B8}"
EndProject
Project("{8BC9CEB8-8B4A-11D0-8D11-00A0C91BC942}") = "2_DictionariesP2", "2_DictionariesP2\2_DictionariesP2.vcxproj", "{62D1E1E1-C9FC-44D8-8BBB-621427B71F6B}"
EndProject
Project("{8BC9CEB8-8B4A-11D0-8D11-00A0C91BC942}") = "3_DictionariesNewPossibilities", "3_DictionariesNewPossibilities\3_DictionariesNewPossibilities.vcxproj", "{D6D024B0-4F13-4FE5-85B7-CE920A52DA9F}"
EndProject
Project("{8BC9CEB8-8B4A-11D0-8D11-00A0C91BC942}") = "PA10_Anagrams", "PA10_Anagrams\PA10_Anagrams.vcxproj", "{9DA34933-ABB3-4F73-9528-60872AA8E797}"
EndProject
Project("{8BC9CEB8-8B4A-11D0-8D11-00A0C91BC942}") = "PA11_RefferenceOfCapitals", "PA11_RefferenceOfCapitals\PA11_RefferenceOfCapitals.vcxproj", "{BE4857E5-046D-40A6-A8E5-7CBE3F874F59}"
EndProject
Project("{8BC9CEB8-8B4A-11D0-8D11-00A0C91BC942}") = "PA12_BusStops1", "PA12_BusStops1\PA12_BusStops1.vcxproj", "{9C143F14-333E-4CF7-BBD8-8B3F638D7A34}"
EndProject
Project("{8BC9CEB8-8B4A-11D0-8D11-00A0C91BC942}") = "PA13_BusStops2", "PA13_BusStops2\PA13_BusStops2.vcxproj", "{04D6846B-FE56-4C63-9644-50A644BCAAD6}"
EndProject
Project("{2150E333-8FDC-42A3-9474-1A3956D46DE8}") = "SetContainer", "SetContainer", "{B57DFE74-0595-4F8A-BC4D-F89B00AD534C}"
EndProject
Project("{8BC9CEB8-8B4A-11D0-8D11-00A0C91BC942}") = "1_SetsPart1", "1_SetsPart1\1_SetsPart1.vcxproj", "{05A14C05-573C-4C2B-B15D-71BB215D0D6A}"
EndProject
Project("{8BC9CEB8-8B4A-11D0-8D11-00A0C91BC942}") = "PA14_UniqueStringsQuantity", "PA14_UniqueStringsQuantity\PA14_UniqueStringsQuantity.vcxproj", "{61252596-BB2E-486B-B717-3A44781B5CB3}"
EndProject
Project("{8BC9CEB8-8B4A-11D0-8D11-00A0C91BC942}") = "PA15_SetOfValuesOfaDictionary", "PA15_SetOfValuesOfaDictionary\PA15_SetOfValuesOfaDictionary.vcxproj", "{86B8A152-E240-4AD0-B737-698112F54CC4}"
EndProject
Project("{8BC9CEB8-8B4A-11D0-8D11-00A0C91BC942}") = "PA16_Synonyms", "PA16_Synonyms\PA16_Synonyms.vcxproj", "{5EC9B68D-CE2B-407C-895F-2D4D88C8FA26}"
EndProject
Project("{8BC9CEB8-8B4A-11D0-8D11-00A0C91BC942}") = "PA17_BusStops3", "PA17_BusStops3\PA17_BusStops3.vcxproj", "{CA9999D2-95F6-408D-8505-D3419A063DF3}"
EndProject
Project("{2150E333-8FDC-42A3-9474-1A3956D46DE8}") = "W3", "W3", "{6B9CB876-F5F9-40A6-A6EF-90822ABD5A34}"
EndProject
Project("{2150E333-8FDC-42A3-9474-1A3956D46DE8}") = "P1_Algorithms", "P1_Algorithms", "{F1D0B754-BC2E-4B3F-BDAB-BE01382B79ED}"
EndProject
Project("{8BC9CEB8-8B4A-11D0-8D11-00A0C91BC942}") = "1_MinMaxSortFunctions", "1_MinMaxSortFunctions\1_MinMaxSortFunctions.vcxproj", "{E7F9BE75-2473-447B-A8F7-30F8113D5FF8}"
EndProject
Project("{8BC9CEB8-8B4A-11D0-8D11-00A0C91BC942}") = "2_CounAndCountIf_LambdaFunctions", "2_CounAndCountIf_LambdaFunctions\2_CounAndCountIf_LambdaFunctions.vcxproj", "{C894FDC4-377C-4267-9F9C-05AF00D72332}"
EndProject
Project("{8BC9CEB8-8B4A-11D0-8D11-00A0C91BC942}") = "3_ModifingRangeBasedFor", "3_ModifingRangeBasedFor\3_ModifingRangeBasedFor.vcxproj", "{915D137F-E5FD-461D-AC9E-23841F64C116}"
EndProject
Project("{2150E333-8FDC-42A3-9474-1A3956D46DE8}") = "ProgrammingAssignments", "ProgrammingAssignments", "{CB6D020F-3D38-4C14-AECE-E3E4368C05EC}"
EndProject
Project("{8BC9CEB8-8B4A-11D0-8D11-00A0C91BC942}") = "PA1_SortingAbsIntegers", "PA1_SortingAbsIntegers\PA1_SortingAbsIntegers.vcxproj", "{DF76F890-2D85-4E78-A870-9FF2532225BF}"
EndProject
Project("{8BC9CEB8-8B4A-11D0-8D11-00A0C91BC942}") = "PA2_SortingStrings", "PA2_SortingStrings\PA2_SortingStrings.vcxproj", "{4ABBC415-0EE5-4AC4-8007-185ECBB8374F}"
EndProject
Project("{2150E333-8FDC-42A3-9474-1A3956D46DE8}") = "P2_VariablesScopesAndInitialization", "P2_VariablesScopesAndInitialization", "{B50EC655-4561-45CE-B0F3-F0D9B622B9F5}"
EndProject
Project("{8BC9CEB8-8B4A-11D0-8D11-00A0C91BC942}") = "1_VariableScope", "1_VariableScope\1_VariableScope.vcxproj", "{50A91291-DFCA-4B18-A1EC-4CC08B8E32C4}"
EndProject
Project("{8BC9CEB8-8B4A-11D0-8D11-00A0C91BC942}") = "2_InitializationOfVariables", "2_InitializationOfVariables\2_InitializationOfVariables.vcxproj", "{8522EA8F-CAE9-4D98-85CE-AE8C4EA0A5C9}"
EndProject
Project("{2150E333-8FDC-42A3-9474-1A3956D46DE8}") = "ProgrammingAssignments", "ProgrammingAssignments", "{D91E04AE-92FA-4E59-8877-A9C4DB2EB3C0}"
EndProject
Project("{8BC9CEB8-8B4A-11D0-8D11-00A0C91BC942}") = "PA1_SortedStrings", "PA1_SortedStrings\PA1_SortedStrings.vcxproj", "{C0064839-1484-4112-AFB8-56BA94D8DD30}"
EndProject
Project("{8BC9CEB8-8B4A-11D0-8D11-00A0C91BC942}") = "PA2_NameAndSurname_P1", "PA2_NameAndSurname_P1\PA2_NameAndSurname_P1.vcxproj", "{8F394F94-6ACA-41E1-A3C3-8BBF171215CD}"
EndProject
Project("{8BC9CEB8-8B4A-11D0-8D11-00A0C91BC942}") = "PA3_NameAndSurname_P2", "PA3_NameAndSurname_P2\PA3_NameAndSurname_P2.vcxproj", "{5ACB3045-D19E-46E1-80F1-D05AFC310393}"
EndProject
Project("{8BC9CEB8-8B4A-11D0-8D11-00A0C91BC942}") = "1_ConstantMethods", "1_ConstantMethods\1_ConstantMethods.vcxproj", "{6B124CAD-283F-4D74-BF77-5C3935DAB376}"
EndProject
Project("{8BC9CEB8-8B4A-11D0-8D11-00A0C91BC942}") = "PA4_String", "PA4_String\PA4_String.vcxproj", "{99E698FE-81CB-4582-9A2F-ECFB738A0A1B}"
EndProject
Project("{8BC9CEB8-8B4A-11D0-8D11-00A0C91BC942}") = "PA5_NameANdSurname_P3", "PA5_NameANdSurname_P3\PA5_NameANdSurname_P3.vcxproj", "{F09B1DEB-F28E-439B-9BC2-1590612C938B}"
EndProject
Project("{8BC9CEB8-8B4A-11D0-8D11-00A0C91BC942}") = "PA6_Incognizible", "PA6_Incognizible\PA6_Incognizible.vcxproj", "{C1493E8F-A6C5-40FB-BACD-BD3B7ACE4B58}"
EndProject
Project("{8BC9CEB8-8B4A-11D0-8D11-00A0C91BC942}") = "2_Destructors", "2_Destructors\2_Destructors.vcxproj", "{90E3C394-7E66-44AF-9644-2B7201D0955F}"
EndProject
Project("{8BC9CEB8-8B4A-11D0-8D11-00A0C91BC942}") = "3_LifeTimelineOfObject", "3_LifeTimelineOfObject\3_LifeTimelineOfObject.vcxproj", "{30B0E205-B914-4732-AD9E-1E45BE4CB893}"
EndProject
Project("{2150E333-8FDC-42A3-9474-1A3956D46DE8}") = "W4", "W4", "{C3972494-16F6-48DB-82DF-19514D5F01EA}"
EndProject
Project("{2150E333-8FDC-42A3-9474-1A3956D46DE8}") = "StructuresAndClasses", "StructuresAndClasses", "{8FA6D0CA-55CE-4C9B-AB83-71A5C742D5A7}"
EndProject
Project("{8BC9CEB8-8B4A-11D0-8D11-00A0C91BC942}") = "1_DateStructure", "1_DateStructure\1_DateStructure.vcxproj", "{9FBE75A7-BD60-44A7-8E0C-07442F3A0035}"
EndProject
Project("{2150E333-8FDC-42A3-9474-1A3956D46DE8}") = "ProgrammingAssignments", "ProgrammingAssignments", "{278623A9-E92C-477A-AF07-09CB38A8A6F9}"
EndProject
Project("{8BC9CEB8-8B4A-11D0-8D11-00A0C91BC942}") = "PA1_LectureTitleStructure", "PA1_LectureTitleStructure\PA1_LectureTitleStructure.vcxproj", "{DB1082C9-7DD8-4C52-AF65-A54B52115EB0}"
EndProject
Project("{8BC9CEB8-8B4A-11D0-8D11-00A0C91BC942}") = "2_ClassFunction", "2_ClassFunction\2_ClassFunction.vcxproj", "{7870F17B-5E54-4DBB-92CD-A273C1012DDC}"
EndProject
Project("{8BC9CEB8-8B4A-11D0-8D11-00A0C91BC942}") = "PA2_InvertibleFunction", "PA2_InvertibleFunction\PA2_InvertibleFunction.vcxproj", "{55477688-272A-4F60-9ACE-66FB307EB6A0}"
EndProject
Project("{8BC9CEB8-8B4A-11D0-8D11-00A0C91BC942}") = "PA3_RevertibleFunction2", "PA3_RevertibleFunction2\PA3_RevertibleFunction2.vcxproj", "{DEC2B967-7640-47AA-81C0-6D7E223A0AD1}"
EndProject
Project("{2150E333-8FDC-42A3-9474-1A3956D46DE8}") = "TextFilesStreams", "TextFilesStreams", "{3E34FE4E-B2F6-43AD-9000-292D2234CB10}"
EndProject
Project("{8BC9CEB8-8B4A-11D0-8D11-00A0C91BC942}") = "1_FileStreams", "1_FileStreams\1_FileStreams.vcxproj", "{0DA6FADA-D6DE-4199-BAB5-180ADAD25B62}"
EndProject
Project("{8BC9CEB8-8B4A-11D0-8D11-00A0C91BC942}") = "2_DataFormattingWhenOutputToStream", "2_DataFormattingWhenOutputToStream\2_DataFormattingWhenOutputToStream.vcxproj", "{4553F333-491A-48A1-89B2-8FF00C17BAA6}"
EndProject
Project("{8BC9CEB8-8B4A-11D0-8D11-00A0C91BC942}") = "PA4_WorkingFiles", "PA4_WorkingFiles\PA4_WorkingFiles.vcxproj", "{CA27F42C-7363-4E97-A820-8207ACFB2329}"
EndProject
Project("{8BC9CEB8-8B4A-11D0-8D11-00A0C91BC942}") = "PA5_Part2WorkingFiles", "PA4_Part2WorkingFiles\PA4_Part2WorkingFiles.vcxproj", "{4836598C-9B5C-467C-B01C-C75394F725FA}"
EndProject
Project("{8BC9CEB8-8B4A-11D0-8D11-00A0C91BC942}") = "PA6_OutputWithPrecision", "PA6_OutputWithPrecision\PA6_OutputWithPrecision.vcxproj", "{10EDD202-0037-4F8D-B874-4C6FA1635C9D}"
EndProject
Project("{8BC9CEB8-8B4A-11D0-8D11-00A0C91BC942}") = "PA7_ReadingAndOutputtingTheTable", "PA7_ReadingAndOutputtingTheTable\PA7_ReadingAndOutputtingTheTable.vcxproj", "{F9FC3351-8E41-49A3-B3C2-1CFEED6F6473}"
EndProject
Project("{8BC9CEB8-8B4A-11D0-8D11-00A0C91BC942}") = "PA8_StudentsList", "PA8_StudentsList\PA8_StudentsList.vcxproj", "{2924D24D-9DE0-45E6-ACAE-A97DCD0AA902}"
EndProject
Project("{2150E333-8FDC-42A3-9474-1A3956D46DE8}") = "PerformingOperationsNaturally", "PerformingOperationsNaturally", "{E003B033-4D06-48D5-ACE8-76D6185C6DA3}"
EndProject
Project("{8BC9CEB8-8B4A-11D0-8D11-00A0C91BC942}") = "1_OverloadingInputAndOutputOperators", "1_OverloadingInputAndOutputOperators\1_OverloadingInputAndOutputOperators.vcxproj", "{4C183E1D-40B6-408B-8405-E0B5FE4AD8BF}"
EndProject
Project("{8BC9CEB8-8B4A-11D0-8D11-00A0C91BC942}") = "2_OverloadingPlusMoreAndSortingIntervals", "2_OverloadingPlusMoreAndSortingIntervals\2_OverloadingPlusMoreAndSortingIntervals.vcxproj", "{FD534A81-284E-4F77-A710-4BF2410BE52C}"
EndProject
Project("{2150E333-8FDC-42A3-9474-1A3956D46DE8}") = "RationalClassAssignment", "RationalClassAssignment", "{4196BC9B-4132-48A6-9C4D-F78C0EF1722C}"
EndProject
Project("{8BC9CEB8-8B4A-11D0-8D11-00A0C91BC942}") = "Part1_RationalClassImplementation", "Part1\Part1.vcxproj", "{0C1E035D-3005-46AC-A7DF-CA08778F8311}"
EndProject
Project("{8BC9CEB8-8B4A-11D0-8D11-00A0C91BC942}") = "Part2_OperatorsPlusMinusAndEqual", "Part2\Part2.vcxproj", "{71612BB3-B829-4562-8158-4A8D80B4D5AA}"
EndProject
Project("{8BC9CEB8-8B4A-11D0-8D11-00A0C91BC942}") = "Part3_OperatorsDivideAndMultioply", "Part3\Part3.vcxproj", "{D034B772-BC49-4A5D-A25F-498D594EEDA7}"
EndProject
Project("{8BC9CEB8-8B4A-11D0-8D11-00A0C91BC942}") = "Part4_InputAndOutputOperators", "Part4_InputAndOutputOperators\Part4_InputAndOutputOperators.vcxproj", "{D3122209-C8C5-47AE-983A-A751D9159FF3}"
EndProject
Project("{8BC9CEB8-8B4A-11D0-8D11-00A0C91BC942}") = "Part5_RationalToSetAndMapIntegration", "Part5_RationalToSetAndMapIntegration\Part5_RationalToSetAndMapIntegration.vcxproj", "{65E98088-21F7-4BBE-8CD4-0353F10D9A78}"
EndProject
Project("{2150E333-8FDC-42A3-9474-1A3956D46DE8}") = "Exceptions", "Exceptions", "{CAD12151-A877-4B31-AEE5-7EACDD2E9EDC}"
EndProject
Project("{8BC9CEB8-8B4A-11D0-8D11-00A0C91BC942}") = "1_IntroductionToExceptions", "1_IntroductionToExceptions\1_IntroductionToExceptions.vcxproj", "{9B07CA33-08A0-4821-8AA3-C3F78E926FE6}"
EndProject
Project("{8BC9CEB8-8B4A-11D0-8D11-00A0C91BC942}") = "PA9_EnsureEqual", "PA9_EnsureEqual\PA9_EnsureEqual.vcxproj", "{08974F87-72AC-42F3-8E31-3D61ED38F1C1}"
EndProject
Project("{8BC9CEB8-8B4A-11D0-8D11-00A0C91BC942}") = "PA10_RationalClassException", "PA10_RationalClassException\PA10_RationalClassException.vcxproj", "{7804C508-A9AC-44FF-92E1-A8A2DA8FDAAA}"
EndProject
Project("{8BC9CEB8-8B4A-11D0-8D11-00A0C91BC942}") = "PA11_RationalsCalculator", "PA11_RationalsCalculator\PA11_RationalsCalculator.vcxproj", "{AC842D6C-FBFD-4421-8ADE-792520EA1A3C}"
EndProject
Project("{8BC9CEB8-8B4A-11D0-8D11-00A0C91BC942}") = "PA12_TimeServer", "PA12_TimeServer\PA12_TimeServer.vcxproj", "{92E58EE7-7ACC-4D7F-8EBA-B7610F3763E0}"
EndProject
Project("{2150E333-8FDC-42A3-9474-1A3956D46DE8}") = "W5", "W5", "{C6D22579-0B09-46AE-8E2F-979E13C1CBC6}"
EndProject
Project("{8BC9CEB8-8B4A-11D0-8D11-00A0C91BC942}") = "C1_FinalProject", "C1_FinalProject\C1_FinalProject.vcxproj", "{E15CF86C-0DAD-4077-8A8C-84416A573DB1}"
EndProject
Global
	GlobalSection(SolutionConfigurationPlatforms) = preSolution
		Debug|x64 = Debug|x64
		Debug|x86 = Debug|x86
		Release|x64 = Release|x64
		Release|x86 = Release|x86
	EndGlobalSection
	GlobalSection(ProjectConfigurationPlatforms) = postSolution
		{2AEC4270-1A18-4210-AEE2-B8A3DD2333FD}.Debug|x64.ActiveCfg = Debug|x64
		{2AEC4270-1A18-4210-AEE2-B8A3DD2333FD}.Debug|x64.Build.0 = Debug|x64
		{2AEC4270-1A18-4210-AEE2-B8A3DD2333FD}.Debug|x86.ActiveCfg = Debug|Win32
		{2AEC4270-1A18-4210-AEE2-B8A3DD2333FD}.Debug|x86.Build.0 = Debug|Win32
		{2AEC4270-1A18-4210-AEE2-B8A3DD2333FD}.Release|x64.ActiveCfg = Release|x64
		{2AEC4270-1A18-4210-AEE2-B8A3DD2333FD}.Release|x64.Build.0 = Release|x64
		{2AEC4270-1A18-4210-AEE2-B8A3DD2333FD}.Release|x86.ActiveCfg = Release|Win32
		{2AEC4270-1A18-4210-AEE2-B8A3DD2333FD}.Release|x86.Build.0 = Release|Win32
		{BC9DF0B3-AD5F-4A3E-A1AC-4C223550B7A7}.Debug|x64.ActiveCfg = Debug|x64
		{BC9DF0B3-AD5F-4A3E-A1AC-4C223550B7A7}.Debug|x64.Build.0 = Debug|x64
		{BC9DF0B3-AD5F-4A3E-A1AC-4C223550B7A7}.Debug|x86.ActiveCfg = Debug|Win32
		{BC9DF0B3-AD5F-4A3E-A1AC-4C223550B7A7}.Debug|x86.Build.0 = Debug|Win32
		{BC9DF0B3-AD5F-4A3E-A1AC-4C223550B7A7}.Release|x64.ActiveCfg = Release|x64
		{BC9DF0B3-AD5F-4A3E-A1AC-4C223550B7A7}.Release|x64.Build.0 = Release|x64
		{BC9DF0B3-AD5F-4A3E-A1AC-4C223550B7A7}.Release|x86.ActiveCfg = Release|Win32
		{BC9DF0B3-AD5F-4A3E-A1AC-4C223550B7A7}.Release|x86.Build.0 = Release|Win32
		{56263B62-4639-4349-9F19-EFE22F329324}.Debug|x64.ActiveCfg = Debug|x64
		{56263B62-4639-4349-9F19-EFE22F329324}.Debug|x64.Build.0 = Debug|x64
		{56263B62-4639-4349-9F19-EFE22F329324}.Debug|x86.ActiveCfg = Debug|Win32
		{56263B62-4639-4349-9F19-EFE22F329324}.Debug|x86.Build.0 = Debug|Win32
		{56263B62-4639-4349-9F19-EFE22F329324}.Release|x64.ActiveCfg = Release|x64
		{56263B62-4639-4349-9F19-EFE22F329324}.Release|x64.Build.0 = Release|x64
		{56263B62-4639-4349-9F19-EFE22F329324}.Release|x86.ActiveCfg = Release|Win32
		{56263B62-4639-4349-9F19-EFE22F329324}.Release|x86.Build.0 = Release|Win32
		{CE800D41-574C-415E-9C0C-3FB56A665D4F}.Debug|x64.ActiveCfg = Debug|x64
		{CE800D41-574C-415E-9C0C-3FB56A665D4F}.Debug|x64.Build.0 = Debug|x64
		{CE800D41-574C-415E-9C0C-3FB56A665D4F}.Debug|x86.ActiveCfg = Debug|Win32
		{CE800D41-574C-415E-9C0C-3FB56A665D4F}.Debug|x86.Build.0 = Debug|Win32
		{CE800D41-574C-415E-9C0C-3FB56A665D4F}.Release|x64.ActiveCfg = Release|x64
		{CE800D41-574C-415E-9C0C-3FB56A665D4F}.Release|x64.Build.0 = Release|x64
		{CE800D41-574C-415E-9C0C-3FB56A665D4F}.Release|x86.ActiveCfg = Release|Win32
		{CE800D41-574C-415E-9C0C-3FB56A665D4F}.Release|x86.Build.0 = Release|Win32
		{6BAB4BCE-1104-4E8B-8101-4A67AB3EA7B9}.Debug|x64.ActiveCfg = Debug|x64
		{6BAB4BCE-1104-4E8B-8101-4A67AB3EA7B9}.Debug|x64.Build.0 = Debug|x64
		{6BAB4BCE-1104-4E8B-8101-4A67AB3EA7B9}.Debug|x86.ActiveCfg = Debug|Win32
		{6BAB4BCE-1104-4E8B-8101-4A67AB3EA7B9}.Debug|x86.Build.0 = Debug|Win32
		{6BAB4BCE-1104-4E8B-8101-4A67AB3EA7B9}.Release|x64.ActiveCfg = Release|x64
		{6BAB4BCE-1104-4E8B-8101-4A67AB3EA7B9}.Release|x64.Build.0 = Release|x64
		{6BAB4BCE-1104-4E8B-8101-4A67AB3EA7B9}.Release|x86.ActiveCfg = Release|Win32
		{6BAB4BCE-1104-4E8B-8101-4A67AB3EA7B9}.Release|x86.Build.0 = Release|Win32
		{741BA6CE-E6AF-46DA-8E2E-39FA87C30A79}.Debug|x64.ActiveCfg = Debug|x64
		{741BA6CE-E6AF-46DA-8E2E-39FA87C30A79}.Debug|x64.Build.0 = Debug|x64
		{741BA6CE-E6AF-46DA-8E2E-39FA87C30A79}.Debug|x86.ActiveCfg = Debug|Win32
		{741BA6CE-E6AF-46DA-8E2E-39FA87C30A79}.Debug|x86.Build.0 = Debug|Win32
		{741BA6CE-E6AF-46DA-8E2E-39FA87C30A79}.Release|x64.ActiveCfg = Release|x64
		{741BA6CE-E6AF-46DA-8E2E-39FA87C30A79}.Release|x64.Build.0 = Release|x64
		{741BA6CE-E6AF-46DA-8E2E-39FA87C30A79}.Release|x86.ActiveCfg = Release|Win32
		{741BA6CE-E6AF-46DA-8E2E-39FA87C30A79}.Release|x86.Build.0 = Release|Win32
		{074067A6-F360-4AF9-8885-5BECC7EEB702}.Debug|x64.ActiveCfg = Debug|x64
		{074067A6-F360-4AF9-8885-5BECC7EEB702}.Debug|x64.Build.0 = Debug|x64
		{074067A6-F360-4AF9-8885-5BECC7EEB702}.Debug|x86.ActiveCfg = Debug|Win32
		{074067A6-F360-4AF9-8885-5BECC7EEB702}.Debug|x86.Build.0 = Debug|Win32
		{074067A6-F360-4AF9-8885-5BECC7EEB702}.Release|x64.ActiveCfg = Release|x64
		{074067A6-F360-4AF9-8885-5BECC7EEB702}.Release|x64.Build.0 = Release|x64
		{074067A6-F360-4AF9-8885-5BECC7EEB702}.Release|x86.ActiveCfg = Release|Win32
		{074067A6-F360-4AF9-8885-5BECC7EEB702}.Release|x86.Build.0 = Release|Win32
		{5C048CA8-AFAD-4CC6-BCA3-D7E5694F5AC3}.Debug|x64.ActiveCfg = Debug|x64
		{5C048CA8-AFAD-4CC6-BCA3-D7E5694F5AC3}.Debug|x64.Build.0 = Debug|x64
		{5C048CA8-AFAD-4CC6-BCA3-D7E5694F5AC3}.Debug|x86.ActiveCfg = Debug|Win32
		{5C048CA8-AFAD-4CC6-BCA3-D7E5694F5AC3}.Debug|x86.Build.0 = Debug|Win32
		{5C048CA8-AFAD-4CC6-BCA3-D7E5694F5AC3}.Release|x64.ActiveCfg = Release|x64
		{5C048CA8-AFAD-4CC6-BCA3-D7E5694F5AC3}.Release|x64.Build.0 = Release|x64
		{5C048CA8-AFAD-4CC6-BCA3-D7E5694F5AC3}.Release|x86.ActiveCfg = Release|Win32
		{5C048CA8-AFAD-4CC6-BCA3-D7E5694F5AC3}.Release|x86.Build.0 = Release|Win32
		{D862EF9F-D17D-4E01-87DA-49E2129EDFDE}.Debug|x64.ActiveCfg = Debug|x64
		{D862EF9F-D17D-4E01-87DA-49E2129EDFDE}.Debug|x64.Build.0 = Debug|x64
		{D862EF9F-D17D-4E01-87DA-49E2129EDFDE}.Debug|x86.ActiveCfg = Debug|Win32
		{D862EF9F-D17D-4E01-87DA-49E2129EDFDE}.Debug|x86.Build.0 = Debug|Win32
		{D862EF9F-D17D-4E01-87DA-49E2129EDFDE}.Release|x64.ActiveCfg = Release|x64
		{D862EF9F-D17D-4E01-87DA-49E2129EDFDE}.Release|x64.Build.0 = Release|x64
		{D862EF9F-D17D-4E01-87DA-49E2129EDFDE}.Release|x86.ActiveCfg = Release|Win32
		{D862EF9F-D17D-4E01-87DA-49E2129EDFDE}.Release|x86.Build.0 = Release|Win32
		{D5EBF1FB-96D3-4CCC-A9D8-6D1C59F89F18}.Debug|x64.ActiveCfg = Debug|x64
		{D5EBF1FB-96D3-4CCC-A9D8-6D1C59F89F18}.Debug|x64.Build.0 = Debug|x64
		{D5EBF1FB-96D3-4CCC-A9D8-6D1C59F89F18}.Debug|x86.ActiveCfg = Debug|Win32
		{D5EBF1FB-96D3-4CCC-A9D8-6D1C59F89F18}.Debug|x86.Build.0 = Debug|Win32
		{D5EBF1FB-96D3-4CCC-A9D8-6D1C59F89F18}.Release|x64.ActiveCfg = Release|x64
		{D5EBF1FB-96D3-4CCC-A9D8-6D1C59F89F18}.Release|x64.Build.0 = Release|x64
		{D5EBF1FB-96D3-4CCC-A9D8-6D1C59F89F18}.Release|x86.ActiveCfg = Release|Win32
		{D5EBF1FB-96D3-4CCC-A9D8-6D1C59F89F18}.Release|x86.Build.0 = Release|Win32
		{3D99B40D-0D8D-465E-B5B9-D14F45AC0B32}.Debug|x64.ActiveCfg = Debug|x64
		{3D99B40D-0D8D-465E-B5B9-D14F45AC0B32}.Debug|x64.Build.0 = Debug|x64
		{3D99B40D-0D8D-465E-B5B9-D14F45AC0B32}.Debug|x86.ActiveCfg = Debug|Win32
		{3D99B40D-0D8D-465E-B5B9-D14F45AC0B32}.Debug|x86.Build.0 = Debug|Win32
		{3D99B40D-0D8D-465E-B5B9-D14F45AC0B32}.Release|x64.ActiveCfg = Release|x64
		{3D99B40D-0D8D-465E-B5B9-D14F45AC0B32}.Release|x64.Build.0 = Release|x64
		{3D99B40D-0D8D-465E-B5B9-D14F45AC0B32}.Release|x86.ActiveCfg = Release|Win32
		{3D99B40D-0D8D-465E-B5B9-D14F45AC0B32}.Release|x86.Build.0 = Release|Win32
		{3523A48D-9175-450F-BD40-98BA58024C05}.Debug|x64.ActiveCfg = Debug|x64
		{3523A48D-9175-450F-BD40-98BA58024C05}.Debug|x64.Build.0 = Debug|x64
		{3523A48D-9175-450F-BD40-98BA58024C05}.Debug|x86.ActiveCfg = Debug|Win32
		{3523A48D-9175-450F-BD40-98BA58024C05}.Debug|x86.Build.0 = Debug|Win32
		{3523A48D-9175-450F-BD40-98BA58024C05}.Release|x64.ActiveCfg = Release|x64
		{3523A48D-9175-450F-BD40-98BA58024C05}.Release|x64.Build.0 = Release|x64
		{3523A48D-9175-450F-BD40-98BA58024C05}.Release|x86.ActiveCfg = Release|Win32
		{3523A48D-9175-450F-BD40-98BA58024C05}.Release|x86.Build.0 = Release|Win32
		{C104F82D-08D4-4DA2-902D-2B765E8910C8}.Debug|x64.ActiveCfg = Debug|x64
		{C104F82D-08D4-4DA2-902D-2B765E8910C8}.Debug|x64.Build.0 = Debug|x64
		{C104F82D-08D4-4DA2-902D-2B765E8910C8}.Debug|x86.ActiveCfg = Debug|Win32
		{C104F82D-08D4-4DA2-902D-2B765E8910C8}.Debug|x86.Build.0 = Debug|Win32
		{C104F82D-08D4-4DA2-902D-2B765E8910C8}.Release|x64.ActiveCfg = Release|x64
		{C104F82D-08D4-4DA2-902D-2B765E8910C8}.Release|x64.Build.0 = Release|x64
		{C104F82D-08D4-4DA2-902D-2B765E8910C8}.Release|x86.ActiveCfg = Release|Win32
		{C104F82D-08D4-4DA2-902D-2B765E8910C8}.Release|x86.Build.0 = Release|Win32
		{AE759B08-C469-4B47-B8BD-24E59B9A4FB7}.Debug|x64.ActiveCfg = Debug|x64
		{AE759B08-C469-4B47-B8BD-24E59B9A4FB7}.Debug|x64.Build.0 = Debug|x64
		{AE759B08-C469-4B47-B8BD-24E59B9A4FB7}.Debug|x86.ActiveCfg = Debug|Win32
		{AE759B08-C469-4B47-B8BD-24E59B9A4FB7}.Debug|x86.Build.0 = Debug|Win32
		{AE759B08-C469-4B47-B8BD-24E59B9A4FB7}.Release|x64.ActiveCfg = Release|x64
		{AE759B08-C469-4B47-B8BD-24E59B9A4FB7}.Release|x64.Build.0 = Release|x64
		{AE759B08-C469-4B47-B8BD-24E59B9A4FB7}.Release|x86.ActiveCfg = Release|Win32
		{AE759B08-C469-4B47-B8BD-24E59B9A4FB7}.Release|x86.Build.0 = Release|Win32
		{1B59B19C-6C84-41A8-8042-4959CB8224E8}.Debug|x64.ActiveCfg = Debug|x64
		{1B59B19C-6C84-41A8-8042-4959CB8224E8}.Debug|x64.Build.0 = Debug|x64
		{1B59B19C-6C84-41A8-8042-4959CB8224E8}.Debug|x86.ActiveCfg = Debug|Win32
		{1B59B19C-6C84-41A8-8042-4959CB8224E8}.Debug|x86.Build.0 = Debug|Win32
		{1B59B19C-6C84-41A8-8042-4959CB8224E8}.Release|x64.ActiveCfg = Release|x64
		{1B59B19C-6C84-41A8-8042-4959CB8224E8}.Release|x64.Build.0 = Release|x64
		{1B59B19C-6C84-41A8-8042-4959CB8224E8}.Release|x86.ActiveCfg = Release|Win32
		{1B59B19C-6C84-41A8-8042-4959CB8224E8}.Release|x86.Build.0 = Release|Win32
		{223D1816-5D54-4424-ADD5-641FAE05A02A}.Debug|x64.ActiveCfg = Debug|x64
		{223D1816-5D54-4424-ADD5-641FAE05A02A}.Debug|x64.Build.0 = Debug|x64
		{223D1816-5D54-4424-ADD5-641FAE05A02A}.Debug|x86.ActiveCfg = Debug|Win32
		{223D1816-5D54-4424-ADD5-641FAE05A02A}.Debug|x86.Build.0 = Debug|Win32
		{223D1816-5D54-4424-ADD5-641FAE05A02A}.Release|x64.ActiveCfg = Release|x64
		{223D1816-5D54-4424-ADD5-641FAE05A02A}.Release|x64.Build.0 = Release|x64
		{223D1816-5D54-4424-ADD5-641FAE05A02A}.Release|x86.ActiveCfg = Release|Win32
		{223D1816-5D54-4424-ADD5-641FAE05A02A}.Release|x86.Build.0 = Release|Win32
		{3D369FAD-7333-403C-9FAA-67191AF7566B}.Debug|x64.ActiveCfg = Debug|x64
		{3D369FAD-7333-403C-9FAA-67191AF7566B}.Debug|x64.Build.0 = Debug|x64
		{3D369FAD-7333-403C-9FAA-67191AF7566B}.Debug|x86.ActiveCfg = Debug|Win32
		{3D369FAD-7333-403C-9FAA-67191AF7566B}.Debug|x86.Build.0 = Debug|Win32
		{3D369FAD-7333-403C-9FAA-67191AF7566B}.Release|x64.ActiveCfg = Release|x64
		{3D369FAD-7333-403C-9FAA-67191AF7566B}.Release|x64.Build.0 = Release|x64
		{3D369FAD-7333-403C-9FAA-67191AF7566B}.Release|x86.ActiveCfg = Release|Win32
		{3D369FAD-7333-403C-9FAA-67191AF7566B}.Release|x86.Build.0 = Release|Win32
		{AAD40264-FBBD-4D7E-AE52-483664792BCA}.Debug|x64.ActiveCfg = Debug|x64
		{AAD40264-FBBD-4D7E-AE52-483664792BCA}.Debug|x64.Build.0 = Debug|x64
		{AAD40264-FBBD-4D7E-AE52-483664792BCA}.Debug|x86.ActiveCfg = Debug|Win32
		{AAD40264-FBBD-4D7E-AE52-483664792BCA}.Debug|x86.Build.0 = Debug|Win32
		{AAD40264-FBBD-4D7E-AE52-483664792BCA}.Release|x64.ActiveCfg = Release|x64
		{AAD40264-FBBD-4D7E-AE52-483664792BCA}.Release|x64.Build.0 = Release|x64
		{AAD40264-FBBD-4D7E-AE52-483664792BCA}.Release|x86.ActiveCfg = Release|Win32
		{AAD40264-FBBD-4D7E-AE52-483664792BCA}.Release|x86.Build.0 = Release|Win32
		{6361D7DE-D853-4882-9FAB-F613909484EE}.Debug|x64.ActiveCfg = Debug|x64
		{6361D7DE-D853-4882-9FAB-F613909484EE}.Debug|x64.Build.0 = Debug|x64
		{6361D7DE-D853-4882-9FAB-F613909484EE}.Debug|x86.ActiveCfg = Debug|Win32
		{6361D7DE-D853-4882-9FAB-F613909484EE}.Debug|x86.Build.0 = Debug|Win32
		{6361D7DE-D853-4882-9FAB-F613909484EE}.Release|x64.ActiveCfg = Release|x64
		{6361D7DE-D853-4882-9FAB-F613909484EE}.Release|x64.Build.0 = Release|x64
		{6361D7DE-D853-4882-9FAB-F613909484EE}.Release|x86.ActiveCfg = Release|Win32
		{6361D7DE-D853-4882-9FAB-F613909484EE}.Release|x86.Build.0 = Release|Win32
		{275EA433-AD7A-4EDE-9423-17BCD0C68197}.Debug|x64.ActiveCfg = Debug|x64
		{275EA433-AD7A-4EDE-9423-17BCD0C68197}.Debug|x64.Build.0 = Debug|x64
		{275EA433-AD7A-4EDE-9423-17BCD0C68197}.Debug|x86.ActiveCfg = Debug|Win32
		{275EA433-AD7A-4EDE-9423-17BCD0C68197}.Debug|x86.Build.0 = Debug|Win32
		{275EA433-AD7A-4EDE-9423-17BCD0C68197}.Release|x64.ActiveCfg = Release|x64
		{275EA433-AD7A-4EDE-9423-17BCD0C68197}.Release|x64.Build.0 = Release|x64
		{275EA433-AD7A-4EDE-9423-17BCD0C68197}.Release|x86.ActiveCfg = Release|Win32
		{275EA433-AD7A-4EDE-9423-17BCD0C68197}.Release|x86.Build.0 = Release|Win32
		{CD6EAEE4-6840-4408-9667-5E599C90497C}.Debug|x64.ActiveCfg = Debug|x64
		{CD6EAEE4-6840-4408-9667-5E599C90497C}.Debug|x64.Build.0 = Debug|x64
		{CD6EAEE4-6840-4408-9667-5E599C90497C}.Debug|x86.ActiveCfg = Debug|Win32
		{CD6EAEE4-6840-4408-9667-5E599C90497C}.Debug|x86.Build.0 = Debug|Win32
		{CD6EAEE4-6840-4408-9667-5E599C90497C}.Release|x64.ActiveCfg = Release|x64
		{CD6EAEE4-6840-4408-9667-5E599C90497C}.Release|x64.Build.0 = Release|x64
		{CD6EAEE4-6840-4408-9667-5E599C90497C}.Release|x86.ActiveCfg = Release|Win32
		{CD6EAEE4-6840-4408-9667-5E599C90497C}.Release|x86.Build.0 = Release|Win32
		{A82BB19E-9965-445E-96B3-BD73AAC4C373}.Debug|x64.ActiveCfg = Debug|x64
		{A82BB19E-9965-445E-96B3-BD73AAC4C373}.Debug|x64.Build.0 = Debug|x64
		{A82BB19E-9965-445E-96B3-BD73AAC4C373}.Debug|x86.ActiveCfg = Debug|Win32
		{A82BB19E-9965-445E-96B3-BD73AAC4C373}.Debug|x86.Build.0 = Debug|Win32
		{A82BB19E-9965-445E-96B3-BD73AAC4C373}.Release|x64.ActiveCfg = Release|x64
		{A82BB19E-9965-445E-96B3-BD73AAC4C373}.Release|x64.Build.0 = Release|x64
		{A82BB19E-9965-445E-96B3-BD73AAC4C373}.Release|x86.ActiveCfg = Release|Win32
		{A82BB19E-9965-445E-96B3-BD73AAC4C373}.Release|x86.Build.0 = Release|Win32
		{F39B7453-2915-4733-8920-7E7441554F28}.Debug|x64.ActiveCfg = Debug|x64
		{F39B7453-2915-4733-8920-7E7441554F28}.Debug|x64.Build.0 = Debug|x64
		{F39B7453-2915-4733-8920-7E7441554F28}.Debug|x86.ActiveCfg = Debug|Win32
		{F39B7453-2915-4733-8920-7E7441554F28}.Debug|x86.Build.0 = Debug|Win32
		{F39B7453-2915-4733-8920-7E7441554F28}.Release|x64.ActiveCfg = Release|x64
		{F39B7453-2915-4733-8920-7E7441554F28}.Release|x64.Build.0 = Release|x64
		{F39B7453-2915-4733-8920-7E7441554F28}.Release|x86.ActiveCfg = Release|Win32
		{F39B7453-2915-4733-8920-7E7441554F28}.Release|x86.Build.0 = Release|Win32
		{928E3996-660A-4CB6-8E41-83A0F7D3A6AD}.Debug|x64.ActiveCfg = Debug|x64
		{928E3996-660A-4CB6-8E41-83A0F7D3A6AD}.Debug|x64.Build.0 = Debug|x64
		{928E3996-660A-4CB6-8E41-83A0F7D3A6AD}.Debug|x86.ActiveCfg = Debug|Win32
		{928E3996-660A-4CB6-8E41-83A0F7D3A6AD}.Debug|x86.Build.0 = Debug|Win32
		{928E3996-660A-4CB6-8E41-83A0F7D3A6AD}.Release|x64.ActiveCfg = Release|x64
		{928E3996-660A-4CB6-8E41-83A0F7D3A6AD}.Release|x64.Build.0 = Release|x64
		{928E3996-660A-4CB6-8E41-83A0F7D3A6AD}.Release|x86.ActiveCfg = Release|Win32
		{928E3996-660A-4CB6-8E41-83A0F7D3A6AD}.Release|x86.Build.0 = Release|Win32
		{430B4370-D9BB-42E0-94FF-1CEFC1A5419A}.Debug|x64.ActiveCfg = Debug|x64
		{430B4370-D9BB-42E0-94FF-1CEFC1A5419A}.Debug|x64.Build.0 = Debug|x64
		{430B4370-D9BB-42E0-94FF-1CEFC1A5419A}.Debug|x86.ActiveCfg = Debug|Win32
		{430B4370-D9BB-42E0-94FF-1CEFC1A5419A}.Debug|x86.Build.0 = Debug|Win32
		{430B4370-D9BB-42E0-94FF-1CEFC1A5419A}.Release|x64.ActiveCfg = Release|x64
		{430B4370-D9BB-42E0-94FF-1CEFC1A5419A}.Release|x64.Build.0 = Release|x64
		{430B4370-D9BB-42E0-94FF-1CEFC1A5419A}.Release|x86.ActiveCfg = Release|Win32
		{430B4370-D9BB-42E0-94FF-1CEFC1A5419A}.Release|x86.Build.0 = Release|Win32
		{FB9AA802-FE25-44BC-9A78-2A0B83A7877F}.Debug|x64.ActiveCfg = Debug|x64
		{FB9AA802-FE25-44BC-9A78-2A0B83A7877F}.Debug|x64.Build.0 = Debug|x64
		{FB9AA802-FE25-44BC-9A78-2A0B83A7877F}.Debug|x86.ActiveCfg = Debug|Win32
		{FB9AA802-FE25-44BC-9A78-2A0B83A7877F}.Debug|x86.Build.0 = Debug|Win32
		{FB9AA802-FE25-44BC-9A78-2A0B83A7877F}.Release|x64.ActiveCfg = Release|x64
		{FB9AA802-FE25-44BC-9A78-2A0B83A7877F}.Release|x64.Build.0 = Release|x64
		{FB9AA802-FE25-44BC-9A78-2A0B83A7877F}.Release|x86.ActiveCfg = Release|Win32
		{FB9AA802-FE25-44BC-9A78-2A0B83A7877F}.Release|x86.Build.0 = Release|Win32
		{7661A431-0943-4D89-B2CD-11B4222FBEF1}.Debug|x64.ActiveCfg = Debug|x64
		{7661A431-0943-4D89-B2CD-11B4222FBEF1}.Debug|x64.Build.0 = Debug|x64
		{7661A431-0943-4D89-B2CD-11B4222FBEF1}.Debug|x86.ActiveCfg = Debug|Win32
		{7661A431-0943-4D89-B2CD-11B4222FBEF1}.Debug|x86.Build.0 = Debug|Win32
		{7661A431-0943-4D89-B2CD-11B4222FBEF1}.Release|x64.ActiveCfg = Release|x64
		{7661A431-0943-4D89-B2CD-11B4222FBEF1}.Release|x64.Build.0 = Release|x64
		{7661A431-0943-4D89-B2CD-11B4222FBEF1}.Release|x86.ActiveCfg = Release|Win32
		{7661A431-0943-4D89-B2CD-11B4222FBEF1}.Release|x86.Build.0 = Release|Win32
		{1A11E784-731A-4BA4-9A5A-327AC4BA4EAC}.Debug|x64.ActiveCfg = Debug|x64
		{1A11E784-731A-4BA4-9A5A-327AC4BA4EAC}.Debug|x64.Build.0 = Debug|x64
		{1A11E784-731A-4BA4-9A5A-327AC4BA4EAC}.Debug|x86.ActiveCfg = Debug|Win32
		{1A11E784-731A-4BA4-9A5A-327AC4BA4EAC}.Debug|x86.Build.0 = Debug|Win32
		{1A11E784-731A-4BA4-9A5A-327AC4BA4EAC}.Release|x64.ActiveCfg = Release|x64
		{1A11E784-731A-4BA4-9A5A-327AC4BA4EAC}.Release|x64.Build.0 = Release|x64
		{1A11E784-731A-4BA4-9A5A-327AC4BA4EAC}.Release|x86.ActiveCfg = Release|Win32
		{1A11E784-731A-4BA4-9A5A-327AC4BA4EAC}.Release|x86.Build.0 = Release|Win32
		{2DB1E7F2-77FE-4C1D-BAD5-650C84242A94}.Debug|x64.ActiveCfg = Debug|x64
		{2DB1E7F2-77FE-4C1D-BAD5-650C84242A94}.Debug|x64.Build.0 = Debug|x64
		{2DB1E7F2-77FE-4C1D-BAD5-650C84242A94}.Debug|x86.ActiveCfg = Debug|Win32
		{2DB1E7F2-77FE-4C1D-BAD5-650C84242A94}.Debug|x86.Build.0 = Debug|Win32
		{2DB1E7F2-77FE-4C1D-BAD5-650C84242A94}.Release|x64.ActiveCfg = Release|x64
		{2DB1E7F2-77FE-4C1D-BAD5-650C84242A94}.Release|x64.Build.0 = Release|x64
		{2DB1E7F2-77FE-4C1D-BAD5-650C84242A94}.Release|x86.ActiveCfg = Release|Win32
		{2DB1E7F2-77FE-4C1D-BAD5-650C84242A94}.Release|x86.Build.0 = Release|Win32
		{0E29125A-117F-4C86-AA2D-698876D27200}.Debug|x64.ActiveCfg = Debug|x64
		{0E29125A-117F-4C86-AA2D-698876D27200}.Debug|x64.Build.0 = Debug|x64
		{0E29125A-117F-4C86-AA2D-698876D27200}.Debug|x86.ActiveCfg = Debug|Win32
		{0E29125A-117F-4C86-AA2D-698876D27200}.Debug|x86.Build.0 = Debug|Win32
		{0E29125A-117F-4C86-AA2D-698876D27200}.Release|x64.ActiveCfg = Release|x64
		{0E29125A-117F-4C86-AA2D-698876D27200}.Release|x64.Build.0 = Release|x64
		{0E29125A-117F-4C86-AA2D-698876D27200}.Release|x86.ActiveCfg = Release|Win32
		{0E29125A-117F-4C86-AA2D-698876D27200}.Release|x86.Build.0 = Release|Win32
		{A720EDF4-333B-412A-8175-8C40A42A8C1A}.Debug|x64.ActiveCfg = Debug|x64
		{A720EDF4-333B-412A-8175-8C40A42A8C1A}.Debug|x64.Build.0 = Debug|x64
		{A720EDF4-333B-412A-8175-8C40A42A8C1A}.Debug|x86.ActiveCfg = Debug|Win32
		{A720EDF4-333B-412A-8175-8C40A42A8C1A}.Debug|x86.Build.0 = Debug|Win32
		{A720EDF4-333B-412A-8175-8C40A42A8C1A}.Release|x64.ActiveCfg = Release|x64
		{A720EDF4-333B-412A-8175-8C40A42A8C1A}.Release|x64.Build.0 = Release|x64
		{A720EDF4-333B-412A-8175-8C40A42A8C1A}.Release|x86.ActiveCfg = Release|Win32
		{A720EDF4-333B-412A-8175-8C40A42A8C1A}.Release|x86.Build.0 = Release|Win32
		{42993130-3BE5-45A0-9F52-996653E4C27F}.Debug|x64.ActiveCfg = Debug|x64
		{42993130-3BE5-45A0-9F52-996653E4C27F}.Debug|x64.Build.0 = Debug|x64
		{42993130-3BE5-45A0-9F52-996653E4C27F}.Debug|x86.ActiveCfg = Debug|Win32
		{42993130-3BE5-45A0-9F52-996653E4C27F}.Debug|x86.Build.0 = Debug|Win32
		{42993130-3BE5-45A0-9F52-996653E4C27F}.Release|x64.ActiveCfg = Release|x64
		{42993130-3BE5-45A0-9F52-996653E4C27F}.Release|x64.Build.0 = Release|x64
		{42993130-3BE5-45A0-9F52-996653E4C27F}.Release|x86.ActiveCfg = Release|Win32
		{42993130-3BE5-45A0-9F52-996653E4C27F}.Release|x86.Build.0 = Release|Win32
		{257677BE-474F-4B7F-9A7E-D9787A9C3F65}.Debug|x64.ActiveCfg = Debug|x64
		{257677BE-474F-4B7F-9A7E-D9787A9C3F65}.Debug|x64.Build.0 = Debug|x64
		{257677BE-474F-4B7F-9A7E-D9787A9C3F65}.Debug|x86.ActiveCfg = Debug|Win32
		{257677BE-474F-4B7F-9A7E-D9787A9C3F65}.Debug|x86.Build.0 = Debug|Win32
		{257677BE-474F-4B7F-9A7E-D9787A9C3F65}.Release|x64.ActiveCfg = Release|x64
		{257677BE-474F-4B7F-9A7E-D9787A9C3F65}.Release|x64.Build.0 = Release|x64
		{257677BE-474F-4B7F-9A7E-D9787A9C3F65}.Release|x86.ActiveCfg = Release|Win32
		{257677BE-474F-4B7F-9A7E-D9787A9C3F65}.Release|x86.Build.0 = Release|Win32
		{F9726F3F-1CC7-496A-9918-77E482C6DAFE}.Debug|x64.ActiveCfg = Debug|x64
		{F9726F3F-1CC7-496A-9918-77E482C6DAFE}.Debug|x64.Build.0 = Debug|x64
		{F9726F3F-1CC7-496A-9918-77E482C6DAFE}.Debug|x86.ActiveCfg = Debug|Win32
		{F9726F3F-1CC7-496A-9918-77E482C6DAFE}.Debug|x86.Build.0 = Debug|Win32
		{F9726F3F-1CC7-496A-9918-77E482C6DAFE}.Release|x64.ActiveCfg = Release|x64
		{F9726F3F-1CC7-496A-9918-77E482C6DAFE}.Release|x64.Build.0 = Release|x64
		{F9726F3F-1CC7-496A-9918-77E482C6DAFE}.Release|x86.ActiveCfg = Release|Win32
		{F9726F3F-1CC7-496A-9918-77E482C6DAFE}.Release|x86.Build.0 = Release|Win32
		{1F709D0B-CA48-4638-A3E9-CA6546B968F3}.Debug|x64.ActiveCfg = Debug|x64
		{1F709D0B-CA48-4638-A3E9-CA6546B968F3}.Debug|x64.Build.0 = Debug|x64
		{1F709D0B-CA48-4638-A3E9-CA6546B968F3}.Debug|x86.ActiveCfg = Debug|Win32
		{1F709D0B-CA48-4638-A3E9-CA6546B968F3}.Debug|x86.Build.0 = Debug|Win32
		{1F709D0B-CA48-4638-A3E9-CA6546B968F3}.Release|x64.ActiveCfg = Release|x64
		{1F709D0B-CA48-4638-A3E9-CA6546B968F3}.Release|x64.Build.0 = Release|x64
		{1F709D0B-CA48-4638-A3E9-CA6546B968F3}.Release|x86.ActiveCfg = Release|Win32
		{1F709D0B-CA48-4638-A3E9-CA6546B968F3}.Release|x86.Build.0 = Release|Win32
		{05B1FD43-38A1-40BF-9BB1-387273BEF7B0}.Debug|x64.ActiveCfg = Debug|x64
		{05B1FD43-38A1-40BF-9BB1-387273BEF7B0}.Debug|x64.Build.0 = Debug|x64
		{05B1FD43-38A1-40BF-9BB1-387273BEF7B0}.Debug|x86.ActiveCfg = Debug|Win32
		{05B1FD43-38A1-40BF-9BB1-387273BEF7B0}.Debug|x86.Build.0 = Debug|Win32
		{05B1FD43-38A1-40BF-9BB1-387273BEF7B0}.Release|x64.ActiveCfg = Release|x64
		{05B1FD43-38A1-40BF-9BB1-387273BEF7B0}.Release|x64.Build.0 = Release|x64
		{05B1FD43-38A1-40BF-9BB1-387273BEF7B0}.Release|x86.ActiveCfg = Release|Win32
		{05B1FD43-38A1-40BF-9BB1-387273BEF7B0}.Release|x86.Build.0 = Release|Win32
		{21E32D3E-219E-42F1-8750-ABD033582FCC}.Debug|x64.ActiveCfg = Debug|x64
		{21E32D3E-219E-42F1-8750-ABD033582FCC}.Debug|x64.Build.0 = Debug|x64
		{21E32D3E-219E-42F1-8750-ABD033582FCC}.Debug|x86.ActiveCfg = Debug|Win32
		{21E32D3E-219E-42F1-8750-ABD033582FCC}.Debug|x86.Build.0 = Debug|Win32
		{21E32D3E-219E-42F1-8750-ABD033582FCC}.Release|x64.ActiveCfg = Release|x64
		{21E32D3E-219E-42F1-8750-ABD033582FCC}.Release|x64.Build.0 = Release|x64
		{21E32D3E-219E-42F1-8750-ABD033582FCC}.Release|x86.ActiveCfg = Release|Win32
		{21E32D3E-219E-42F1-8750-ABD033582FCC}.Release|x86.Build.0 = Release|Win32
		{1A1E0E31-B5B8-4B54-80D2-AD6397A837B8}.Debug|x64.ActiveCfg = Debug|x64
		{1A1E0E31-B5B8-4B54-80D2-AD6397A837B8}.Debug|x64.Build.0 = Debug|x64
		{1A1E0E31-B5B8-4B54-80D2-AD6397A837B8}.Debug|x86.ActiveCfg = Debug|Win32
		{1A1E0E31-B5B8-4B54-80D2-AD6397A837B8}.Debug|x86.Build.0 = Debug|Win32
		{1A1E0E31-B5B8-4B54-80D2-AD6397A837B8}.Release|x64.ActiveCfg = Release|x64
		{1A1E0E31-B5B8-4B54-80D2-AD6397A837B8}.Release|x64.Build.0 = Release|x64
		{1A1E0E31-B5B8-4B54-80D2-AD6397A837B8}.Release|x86.ActiveCfg = Release|Win32
		{1A1E0E31-B5B8-4B54-80D2-AD6397A837B8}.Release|x86.Build.0 = Release|Win32
		{62D1E1E1-C9FC-44D8-8BBB-621427B71F6B}.Debug|x64.ActiveCfg = Debug|x64
		{62D1E1E1-C9FC-44D8-8BBB-621427B71F6B}.Debug|x64.Build.0 = Debug|x64
		{62D1E1E1-C9FC-44D8-8BBB-621427B71F6B}.Debug|x86.ActiveCfg = Debug|Win32
		{62D1E1E1-C9FC-44D8-8BBB-621427B71F6B}.Debug|x86.Build.0 = Debug|Win32
		{62D1E1E1-C9FC-44D8-8BBB-621427B71F6B}.Release|x64.ActiveCfg = Release|x64
		{62D1E1E1-C9FC-44D8-8BBB-621427B71F6B}.Release|x64.Build.0 = Release|x64
		{62D1E1E1-C9FC-44D8-8BBB-621427B71F6B}.Release|x86.ActiveCfg = Release|Win32
		{62D1E1E1-C9FC-44D8-8BBB-621427B71F6B}.Release|x86.Build.0 = Release|Win32
		{D6D024B0-4F13-4FE5-85B7-CE920A52DA9F}.Debug|x64.ActiveCfg = Debug|x64
		{D6D024B0-4F13-4FE5-85B7-CE920A52DA9F}.Debug|x64.Build.0 = Debug|x64
		{D6D024B0-4F13-4FE5-85B7-CE920A52DA9F}.Debug|x86.ActiveCfg = Debug|Win32
		{D6D024B0-4F13-4FE5-85B7-CE920A52DA9F}.Debug|x86.Build.0 = Debug|Win32
		{D6D024B0-4F13-4FE5-85B7-CE920A52DA9F}.Release|x64.ActiveCfg = Release|x64
		{D6D024B0-4F13-4FE5-85B7-CE920A52DA9F}.Release|x64.Build.0 = Release|x64
		{D6D024B0-4F13-4FE5-85B7-CE920A52DA9F}.Release|x86.ActiveCfg = Release|Win32
		{D6D024B0-4F13-4FE5-85B7-CE920A52DA9F}.Release|x86.Build.0 = Release|Win32
		{9DA34933-ABB3-4F73-9528-60872AA8E797}.Debug|x64.ActiveCfg = Debug|x64
		{9DA34933-ABB3-4F73-9528-60872AA8E797}.Debug|x64.Build.0 = Debug|x64
		{9DA34933-ABB3-4F73-9528-60872AA8E797}.Debug|x86.ActiveCfg = Debug|Win32
		{9DA34933-ABB3-4F73-9528-60872AA8E797}.Debug|x86.Build.0 = Debug|Win32
		{9DA34933-ABB3-4F73-9528-60872AA8E797}.Release|x64.ActiveCfg = Release|x64
		{9DA34933-ABB3-4F73-9528-60872AA8E797}.Release|x64.Build.0 = Release|x64
		{9DA34933-ABB3-4F73-9528-60872AA8E797}.Release|x86.ActiveCfg = Release|Win32
		{9DA34933-ABB3-4F73-9528-60872AA8E797}.Release|x86.Build.0 = Release|Win32
		{BE4857E5-046D-40A6-A8E5-7CBE3F874F59}.Debug|x64.ActiveCfg = Debug|x64
		{BE4857E5-046D-40A6-A8E5-7CBE3F874F59}.Debug|x64.Build.0 = Debug|x64
		{BE4857E5-046D-40A6-A8E5-7CBE3F874F59}.Debug|x86.ActiveCfg = Debug|Win32
		{BE4857E5-046D-40A6-A8E5-7CBE3F874F59}.Debug|x86.Build.0 = Debug|Win32
		{BE4857E5-046D-40A6-A8E5-7CBE3F874F59}.Release|x64.ActiveCfg = Release|x64
		{BE4857E5-046D-40A6-A8E5-7CBE3F874F59}.Release|x64.Build.0 = Release|x64
		{BE4857E5-046D-40A6-A8E5-7CBE3F874F59}.Release|x86.ActiveCfg = Release|Win32
		{BE4857E5-046D-40A6-A8E5-7CBE3F874F59}.Release|x86.Build.0 = Release|Win32
		{9C143F14-333E-4CF7-BBD8-8B3F638D7A34}.Debug|x64.ActiveCfg = Debug|x64
		{9C143F14-333E-4CF7-BBD8-8B3F638D7A34}.Debug|x64.Build.0 = Debug|x64
		{9C143F14-333E-4CF7-BBD8-8B3F638D7A34}.Debug|x86.ActiveCfg = Debug|Win32
		{9C143F14-333E-4CF7-BBD8-8B3F638D7A34}.Debug|x86.Build.0 = Debug|Win32
		{9C143F14-333E-4CF7-BBD8-8B3F638D7A34}.Release|x64.ActiveCfg = Release|x64
		{9C143F14-333E-4CF7-BBD8-8B3F638D7A34}.Release|x64.Build.0 = Release|x64
		{9C143F14-333E-4CF7-BBD8-8B3F638D7A34}.Release|x86.ActiveCfg = Release|Win32
		{9C143F14-333E-4CF7-BBD8-8B3F638D7A34}.Release|x86.Build.0 = Release|Win32
		{04D6846B-FE56-4C63-9644-50A644BCAAD6}.Debug|x64.ActiveCfg = Debug|x64
		{04D6846B-FE56-4C63-9644-50A644BCAAD6}.Debug|x64.Build.0 = Debug|x64
		{04D6846B-FE56-4C63-9644-50A644BCAAD6}.Debug|x86.ActiveCfg = Debug|Win32
		{04D6846B-FE56-4C63-9644-50A644BCAAD6}.Debug|x86.Build.0 = Debug|Win32
		{04D6846B-FE56-4C63-9644-50A644BCAAD6}.Release|x64.ActiveCfg = Release|x64
		{04D6846B-FE56-4C63-9644-50A644BCAAD6}.Release|x64.Build.0 = Release|x64
		{04D6846B-FE56-4C63-9644-50A644BCAAD6}.Release|x86.ActiveCfg = Release|Win32
		{04D6846B-FE56-4C63-9644-50A644BCAAD6}.Release|x86.Build.0 = Release|Win32
		{05A14C05-573C-4C2B-B15D-71BB215D0D6A}.Debug|x64.ActiveCfg = Debug|x64
		{05A14C05-573C-4C2B-B15D-71BB215D0D6A}.Debug|x64.Build.0 = Debug|x64
		{05A14C05-573C-4C2B-B15D-71BB215D0D6A}.Debug|x86.ActiveCfg = Debug|Win32
		{05A14C05-573C-4C2B-B15D-71BB215D0D6A}.Debug|x86.Build.0 = Debug|Win32
		{05A14C05-573C-4C2B-B15D-71BB215D0D6A}.Release|x64.ActiveCfg = Release|x64
		{05A14C05-573C-4C2B-B15D-71BB215D0D6A}.Release|x64.Build.0 = Release|x64
		{05A14C05-573C-4C2B-B15D-71BB215D0D6A}.Release|x86.ActiveCfg = Release|Win32
		{05A14C05-573C-4C2B-B15D-71BB215D0D6A}.Release|x86.Build.0 = Release|Win32
		{61252596-BB2E-486B-B717-3A44781B5CB3}.Debug|x64.ActiveCfg = Debug|x64
		{61252596-BB2E-486B-B717-3A44781B5CB3}.Debug|x64.Build.0 = Debug|x64
		{61252596-BB2E-486B-B717-3A44781B5CB3}.Debug|x86.ActiveCfg = Debug|Win32
		{61252596-BB2E-486B-B717-3A44781B5CB3}.Debug|x86.Build.0 = Debug|Win32
		{61252596-BB2E-486B-B717-3A44781B5CB3}.Release|x64.ActiveCfg = Release|x64
		{61252596-BB2E-486B-B717-3A44781B5CB3}.Release|x64.Build.0 = Release|x64
		{61252596-BB2E-486B-B717-3A44781B5CB3}.Release|x86.ActiveCfg = Release|Win32
		{61252596-BB2E-486B-B717-3A44781B5CB3}.Release|x86.Build.0 = Release|Win32
		{86B8A152-E240-4AD0-B737-698112F54CC4}.Debug|x64.ActiveCfg = Debug|x64
		{86B8A152-E240-4AD0-B737-698112F54CC4}.Debug|x64.Build.0 = Debug|x64
		{86B8A152-E240-4AD0-B737-698112F54CC4}.Debug|x86.ActiveCfg = Debug|Win32
		{86B8A152-E240-4AD0-B737-698112F54CC4}.Debug|x86.Build.0 = Debug|Win32
		{86B8A152-E240-4AD0-B737-698112F54CC4}.Release|x64.ActiveCfg = Release|x64
		{86B8A152-E240-4AD0-B737-698112F54CC4}.Release|x64.Build.0 = Release|x64
		{86B8A152-E240-4AD0-B737-698112F54CC4}.Release|x86.ActiveCfg = Release|Win32
		{86B8A152-E240-4AD0-B737-698112F54CC4}.Release|x86.Build.0 = Release|Win32
		{5EC9B68D-CE2B-407C-895F-2D4D88C8FA26}.Debug|x64.ActiveCfg = Debug|x64
		{5EC9B68D-CE2B-407C-895F-2D4D88C8FA26}.Debug|x64.Build.0 = Debug|x64
		{5EC9B68D-CE2B-407C-895F-2D4D88C8FA26}.Debug|x86.ActiveCfg = Debug|Win32
		{5EC9B68D-CE2B-407C-895F-2D4D88C8FA26}.Debug|x86.Build.0 = Debug|Win32
		{5EC9B68D-CE2B-407C-895F-2D4D88C8FA26}.Release|x64.ActiveCfg = Release|x64
		{5EC9B68D-CE2B-407C-895F-2D4D88C8FA26}.Release|x64.Build.0 = Release|x64
		{5EC9B68D-CE2B-407C-895F-2D4D88C8FA26}.Release|x86.ActiveCfg = Release|Win32
		{5EC9B68D-CE2B-407C-895F-2D4D88C8FA26}.Release|x86.Build.0 = Release|Win32
		{CA9999D2-95F6-408D-8505-D3419A063DF3}.Debug|x64.ActiveCfg = Debug|x64
		{CA9999D2-95F6-408D-8505-D3419A063DF3}.Debug|x64.Build.0 = Debug|x64
		{CA9999D2-95F6-408D-8505-D3419A063DF3}.Debug|x86.ActiveCfg = Debug|Win32
		{CA9999D2-95F6-408D-8505-D3419A063DF3}.Debug|x86.Build.0 = Debug|Win32
		{CA9999D2-95F6-408D-8505-D3419A063DF3}.Release|x64.ActiveCfg = Release|x64
		{CA9999D2-95F6-408D-8505-D3419A063DF3}.Release|x64.Build.0 = Release|x64
		{CA9999D2-95F6-408D-8505-D3419A063DF3}.Release|x86.ActiveCfg = Release|Win32
		{CA9999D2-95F6-408D-8505-D3419A063DF3}.Release|x86.Build.0 = Release|Win32
		{E7F9BE75-2473-447B-A8F7-30F8113D5FF8}.Debug|x64.ActiveCfg = Debug|x64
		{E7F9BE75-2473-447B-A8F7-30F8113D5FF8}.Debug|x64.Build.0 = Debug|x64
		{E7F9BE75-2473-447B-A8F7-30F8113D5FF8}.Debug|x86.ActiveCfg = Debug|Win32
		{E7F9BE75-2473-447B-A8F7-30F8113D5FF8}.Debug|x86.Build.0 = Debug|Win32
		{E7F9BE75-2473-447B-A8F7-30F8113D5FF8}.Release|x64.ActiveCfg = Release|x64
		{E7F9BE75-2473-447B-A8F7-30F8113D5FF8}.Release|x64.Build.0 = Release|x64
		{E7F9BE75-2473-447B-A8F7-30F8113D5FF8}.Release|x86.ActiveCfg = Release|Win32
		{E7F9BE75-2473-447B-A8F7-30F8113D5FF8}.Release|x86.Build.0 = Release|Win32
		{C894FDC4-377C-4267-9F9C-05AF00D72332}.Debug|x64.ActiveCfg = Debug|x64
		{C894FDC4-377C-4267-9F9C-05AF00D72332}.Debug|x64.Build.0 = Debug|x64
		{C894FDC4-377C-4267-9F9C-05AF00D72332}.Debug|x86.ActiveCfg = Debug|Win32
		{C894FDC4-377C-4267-9F9C-05AF00D72332}.Debug|x86.Build.0 = Debug|Win32
		{C894FDC4-377C-4267-9F9C-05AF00D72332}.Release|x64.ActiveCfg = Release|x64
		{C894FDC4-377C-4267-9F9C-05AF00D72332}.Release|x64.Build.0 = Release|x64
		{C894FDC4-377C-4267-9F9C-05AF00D72332}.Release|x86.ActiveCfg = Release|Win32
		{C894FDC4-377C-4267-9F9C-05AF00D72332}.Release|x86.Build.0 = Release|Win32
		{915D137F-E5FD-461D-AC9E-23841F64C116}.Debug|x64.ActiveCfg = Debug|x64
		{915D137F-E5FD-461D-AC9E-23841F64C116}.Debug|x64.Build.0 = Debug|x64
		{915D137F-E5FD-461D-AC9E-23841F64C116}.Debug|x86.ActiveCfg = Debug|Win32
		{915D137F-E5FD-461D-AC9E-23841F64C116}.Debug|x86.Build.0 = Debug|Win32
		{915D137F-E5FD-461D-AC9E-23841F64C116}.Release|x64.ActiveCfg = Release|x64
		{915D137F-E5FD-461D-AC9E-23841F64C116}.Release|x64.Build.0 = Release|x64
		{915D137F-E5FD-461D-AC9E-23841F64C116}.Release|x86.ActiveCfg = Release|Win32
		{915D137F-E5FD-461D-AC9E-23841F64C116}.Release|x86.Build.0 = Release|Win32
		{DF76F890-2D85-4E78-A870-9FF2532225BF}.Debug|x64.ActiveCfg = Debug|x64
		{DF76F890-2D85-4E78-A870-9FF2532225BF}.Debug|x64.Build.0 = Debug|x64
		{DF76F890-2D85-4E78-A870-9FF2532225BF}.Debug|x86.ActiveCfg = Debug|Win32
		{DF76F890-2D85-4E78-A870-9FF2532225BF}.Debug|x86.Build.0 = Debug|Win32
		{DF76F890-2D85-4E78-A870-9FF2532225BF}.Release|x64.ActiveCfg = Release|x64
		{DF76F890-2D85-4E78-A870-9FF2532225BF}.Release|x64.Build.0 = Release|x64
		{DF76F890-2D85-4E78-A870-9FF2532225BF}.Release|x86.ActiveCfg = Release|Win32
		{DF76F890-2D85-4E78-A870-9FF2532225BF}.Release|x86.Build.0 = Release|Win32
		{4ABBC415-0EE5-4AC4-8007-185ECBB8374F}.Debug|x64.ActiveCfg = Debug|x64
		{4ABBC415-0EE5-4AC4-8007-185ECBB8374F}.Debug|x64.Build.0 = Debug|x64
		{4ABBC415-0EE5-4AC4-8007-185ECBB8374F}.Debug|x86.ActiveCfg = Debug|Win32
		{4ABBC415-0EE5-4AC4-8007-185ECBB8374F}.Debug|x86.Build.0 = Debug|Win32
		{4ABBC415-0EE5-4AC4-8007-185ECBB8374F}.Release|x64.ActiveCfg = Release|x64
		{4ABBC415-0EE5-4AC4-8007-185ECBB8374F}.Release|x64.Build.0 = Release|x64
		{4ABBC415-0EE5-4AC4-8007-185ECBB8374F}.Release|x86.ActiveCfg = Release|Win32
		{4ABBC415-0EE5-4AC4-8007-185ECBB8374F}.Release|x86.Build.0 = Release|Win32
		{50A91291-DFCA-4B18-A1EC-4CC08B8E32C4}.Debug|x64.ActiveCfg = Debug|x64
		{50A91291-DFCA-4B18-A1EC-4CC08B8E32C4}.Debug|x64.Build.0 = Debug|x64
		{50A91291-DFCA-4B18-A1EC-4CC08B8E32C4}.Debug|x86.ActiveCfg = Debug|Win32
		{50A91291-DFCA-4B18-A1EC-4CC08B8E32C4}.Debug|x86.Build.0 = Debug|Win32
		{50A91291-DFCA-4B18-A1EC-4CC08B8E32C4}.Release|x64.ActiveCfg = Release|x64
		{50A91291-DFCA-4B18-A1EC-4CC08B8E32C4}.Release|x64.Build.0 = Release|x64
		{50A91291-DFCA-4B18-A1EC-4CC08B8E32C4}.Release|x86.ActiveCfg = Release|Win32
		{50A91291-DFCA-4B18-A1EC-4CC08B8E32C4}.Release|x86.Build.0 = Release|Win32
		{8522EA8F-CAE9-4D98-85CE-AE8C4EA0A5C9}.Debug|x64.ActiveCfg = Debug|x64
		{8522EA8F-CAE9-4D98-85CE-AE8C4EA0A5C9}.Debug|x64.Build.0 = Debug|x64
		{8522EA8F-CAE9-4D98-85CE-AE8C4EA0A5C9}.Debug|x86.ActiveCfg = Debug|Win32
		{8522EA8F-CAE9-4D98-85CE-AE8C4EA0A5C9}.Debug|x86.Build.0 = Debug|Win32
		{8522EA8F-CAE9-4D98-85CE-AE8C4EA0A5C9}.Release|x64.ActiveCfg = Release|x64
		{8522EA8F-CAE9-4D98-85CE-AE8C4EA0A5C9}.Release|x64.Build.0 = Release|x64
		{8522EA8F-CAE9-4D98-85CE-AE8C4EA0A5C9}.Release|x86.ActiveCfg = Release|Win32
		{8522EA8F-CAE9-4D98-85CE-AE8C4EA0A5C9}.Release|x86.Build.0 = Release|Win32
		{C0064839-1484-4112-AFB8-56BA94D8DD30}.Debug|x64.ActiveCfg = Debug|x64
		{C0064839-1484-4112-AFB8-56BA94D8DD30}.Debug|x64.Build.0 = Debug|x64
		{C0064839-1484-4112-AFB8-56BA94D8DD30}.Debug|x86.ActiveCfg = Debug|Win32
		{C0064839-1484-4112-AFB8-56BA94D8DD30}.Debug|x86.Build.0 = Debug|Win32
		{C0064839-1484-4112-AFB8-56BA94D8DD30}.Release|x64.ActiveCfg = Release|x64
		{C0064839-1484-4112-AFB8-56BA94D8DD30}.Release|x64.Build.0 = Release|x64
		{C0064839-1484-4112-AFB8-56BA94D8DD30}.Release|x86.ActiveCfg = Release|Win32
		{C0064839-1484-4112-AFB8-56BA94D8DD30}.Release|x86.Build.0 = Release|Win32
		{8F394F94-6ACA-41E1-A3C3-8BBF171215CD}.Debug|x64.ActiveCfg = Debug|x64
		{8F394F94-6ACA-41E1-A3C3-8BBF171215CD}.Debug|x64.Build.0 = Debug|x64
		{8F394F94-6ACA-41E1-A3C3-8BBF171215CD}.Debug|x86.ActiveCfg = Debug|Win32
		{8F394F94-6ACA-41E1-A3C3-8BBF171215CD}.Debug|x86.Build.0 = Debug|Win32
		{8F394F94-6ACA-41E1-A3C3-8BBF171215CD}.Release|x64.ActiveCfg = Release|x64
		{8F394F94-6ACA-41E1-A3C3-8BBF171215CD}.Release|x64.Build.0 = Release|x64
		{8F394F94-6ACA-41E1-A3C3-8BBF171215CD}.Release|x86.ActiveCfg = Release|Win32
		{8F394F94-6ACA-41E1-A3C3-8BBF171215CD}.Release|x86.Build.0 = Release|Win32
		{5ACB3045-D19E-46E1-80F1-D05AFC310393}.Debug|x64.ActiveCfg = Debug|x64
		{5ACB3045-D19E-46E1-80F1-D05AFC310393}.Debug|x64.Build.0 = Debug|x64
		{5ACB3045-D19E-46E1-80F1-D05AFC310393}.Debug|x86.ActiveCfg = Debug|Win32
		{5ACB3045-D19E-46E1-80F1-D05AFC310393}.Debug|x86.Build.0 = Debug|Win32
		{5ACB3045-D19E-46E1-80F1-D05AFC310393}.Release|x64.ActiveCfg = Release|x64
		{5ACB3045-D19E-46E1-80F1-D05AFC310393}.Release|x64.Build.0 = Release|x64
		{5ACB3045-D19E-46E1-80F1-D05AFC310393}.Release|x86.ActiveCfg = Release|Win32
		{5ACB3045-D19E-46E1-80F1-D05AFC310393}.Release|x86.Build.0 = Release|Win32
		{6B124CAD-283F-4D74-BF77-5C3935DAB376}.Debug|x64.ActiveCfg = Debug|x64
		{6B124CAD-283F-4D74-BF77-5C3935DAB376}.Debug|x64.Build.0 = Debug|x64
		{6B124CAD-283F-4D74-BF77-5C3935DAB376}.Debug|x86.ActiveCfg = Debug|Win32
		{6B124CAD-283F-4D74-BF77-5C3935DAB376}.Debug|x86.Build.0 = Debug|Win32
		{6B124CAD-283F-4D74-BF77-5C3935DAB376}.Release|x64.ActiveCfg = Release|x64
		{6B124CAD-283F-4D74-BF77-5C3935DAB376}.Release|x64.Build.0 = Release|x64
		{6B124CAD-283F-4D74-BF77-5C3935DAB376}.Release|x86.ActiveCfg = Release|Win32
		{6B124CAD-283F-4D74-BF77-5C3935DAB376}.Release|x86.Build.0 = Release|Win32
		{99E698FE-81CB-4582-9A2F-ECFB738A0A1B}.Debug|x64.ActiveCfg = Debug|x64
		{99E698FE-81CB-4582-9A2F-ECFB738A0A1B}.Debug|x64.Build.0 = Debug|x64
		{99E698FE-81CB-4582-9A2F-ECFB738A0A1B}.Debug|x86.ActiveCfg = Debug|Win32
		{99E698FE-81CB-4582-9A2F-ECFB738A0A1B}.Debug|x86.Build.0 = Debug|Win32
		{99E698FE-81CB-4582-9A2F-ECFB738A0A1B}.Release|x64.ActiveCfg = Release|x64
		{99E698FE-81CB-4582-9A2F-ECFB738A0A1B}.Release|x64.Build.0 = Release|x64
		{99E698FE-81CB-4582-9A2F-ECFB738A0A1B}.Release|x86.ActiveCfg = Release|Win32
		{99E698FE-81CB-4582-9A2F-ECFB738A0A1B}.Release|x86.Build.0 = Release|Win32
		{F09B1DEB-F28E-439B-9BC2-1590612C938B}.Debug|x64.ActiveCfg = Debug|x64
		{F09B1DEB-F28E-439B-9BC2-1590612C938B}.Debug|x64.Build.0 = Debug|x64
		{F09B1DEB-F28E-439B-9BC2-1590612C938B}.Debug|x86.ActiveCfg = Debug|Win32
		{F09B1DEB-F28E-439B-9BC2-1590612C938B}.Debug|x86.Build.0 = Debug|Win32
		{F09B1DEB-F28E-439B-9BC2-1590612C938B}.Release|x64.ActiveCfg = Release|x64
		{F09B1DEB-F28E-439B-9BC2-1590612C938B}.Release|x64.Build.0 = Release|x64
		{F09B1DEB-F28E-439B-9BC2-1590612C938B}.Release|x86.ActiveCfg = Release|Win32
		{F09B1DEB-F28E-439B-9BC2-1590612C938B}.Release|x86.Build.0 = Release|Win32
		{C1493E8F-A6C5-40FB-BACD-BD3B7ACE4B58}.Debug|x64.ActiveCfg = Debug|x64
		{C1493E8F-A6C5-40FB-BACD-BD3B7ACE4B58}.Debug|x64.Build.0 = Debug|x64
		{C1493E8F-A6C5-40FB-BACD-BD3B7ACE4B58}.Debug|x86.ActiveCfg = Debug|Win32
		{C1493E8F-A6C5-40FB-BACD-BD3B7ACE4B58}.Debug|x86.Build.0 = Debug|Win32
		{C1493E8F-A6C5-40FB-BACD-BD3B7ACE4B58}.Release|x64.ActiveCfg = Release|x64
		{C1493E8F-A6C5-40FB-BACD-BD3B7ACE4B58}.Release|x64.Build.0 = Release|x64
		{C1493E8F-A6C5-40FB-BACD-BD3B7ACE4B58}.Release|x86.ActiveCfg = Release|Win32
		{C1493E8F-A6C5-40FB-BACD-BD3B7ACE4B58}.Release|x86.Build.0 = Release|Win32
		{90E3C394-7E66-44AF-9644-2B7201D0955F}.Debug|x64.ActiveCfg = Debug|x64
		{90E3C394-7E66-44AF-9644-2B7201D0955F}.Debug|x64.Build.0 = Debug|x64
		{90E3C394-7E66-44AF-9644-2B7201D0955F}.Debug|x86.ActiveCfg = Debug|Win32
		{90E3C394-7E66-44AF-9644-2B7201D0955F}.Debug|x86.Build.0 = Debug|Win32
		{90E3C394-7E66-44AF-9644-2B7201D0955F}.Release|x64.ActiveCfg = Release|x64
		{90E3C394-7E66-44AF-9644-2B7201D0955F}.Release|x64.Build.0 = Release|x64
		{90E3C394-7E66-44AF-9644-2B7201D0955F}.Release|x86.ActiveCfg = Release|Win32
		{90E3C394-7E66-44AF-9644-2B7201D0955F}.Release|x86.Build.0 = Release|Win32
		{30B0E205-B914-4732-AD9E-1E45BE4CB893}.Debug|x64.ActiveCfg = Debug|x64
		{30B0E205-B914-4732-AD9E-1E45BE4CB893}.Debug|x64.Build.0 = Debug|x64
		{30B0E205-B914-4732-AD9E-1E45BE4CB893}.Debug|x86.ActiveCfg = Debug|Win32
		{30B0E205-B914-4732-AD9E-1E45BE4CB893}.Debug|x86.Build.0 = Debug|Win32
		{30B0E205-B914-4732-AD9E-1E45BE4CB893}.Release|x64.ActiveCfg = Release|x64
		{30B0E205-B914-4732-AD9E-1E45BE4CB893}.Release|x64.Build.0 = Release|x64
		{30B0E205-B914-4732-AD9E-1E45BE4CB893}.Release|x86.ActiveCfg = Release|Win32
		{30B0E205-B914-4732-AD9E-1E45BE4CB893}.Release|x86.Build.0 = Release|Win32
		{9FBE75A7-BD60-44A7-8E0C-07442F3A0035}.Debug|x64.ActiveCfg = Debug|x64
		{9FBE75A7-BD60-44A7-8E0C-07442F3A0035}.Debug|x64.Build.0 = Debug|x64
		{9FBE75A7-BD60-44A7-8E0C-07442F3A0035}.Debug|x86.ActiveCfg = Debug|Win32
		{9FBE75A7-BD60-44A7-8E0C-07442F3A0035}.Debug|x86.Build.0 = Debug|Win32
		{9FBE75A7-BD60-44A7-8E0C-07442F3A0035}.Release|x64.ActiveCfg = Release|x64
		{9FBE75A7-BD60-44A7-8E0C-07442F3A0035}.Release|x64.Build.0 = Release|x64
		{9FBE75A7-BD60-44A7-8E0C-07442F3A0035}.Release|x86.ActiveCfg = Release|Win32
		{9FBE75A7-BD60-44A7-8E0C-07442F3A0035}.Release|x86.Build.0 = Release|Win32
		{DB1082C9-7DD8-4C52-AF65-A54B52115EB0}.Debug|x64.ActiveCfg = Debug|x64
		{DB1082C9-7DD8-4C52-AF65-A54B52115EB0}.Debug|x64.Build.0 = Debug|x64
		{DB1082C9-7DD8-4C52-AF65-A54B52115EB0}.Debug|x86.ActiveCfg = Debug|Win32
		{DB1082C9-7DD8-4C52-AF65-A54B52115EB0}.Debug|x86.Build.0 = Debug|Win32
		{DB1082C9-7DD8-4C52-AF65-A54B52115EB0}.Release|x64.ActiveCfg = Release|x64
		{DB1082C9-7DD8-4C52-AF65-A54B52115EB0}.Release|x64.Build.0 = Release|x64
		{DB1082C9-7DD8-4C52-AF65-A54B52115EB0}.Release|x86.ActiveCfg = Release|Win32
		{DB1082C9-7DD8-4C52-AF65-A54B52115EB0}.Release|x86.Build.0 = Release|Win32
		{7870F17B-5E54-4DBB-92CD-A273C1012DDC}.Debug|x64.ActiveCfg = Debug|x64
		{7870F17B-5E54-4DBB-92CD-A273C1012DDC}.Debug|x64.Build.0 = Debug|x64
		{7870F17B-5E54-4DBB-92CD-A273C1012DDC}.Debug|x86.ActiveCfg = Debug|Win32
		{7870F17B-5E54-4DBB-92CD-A273C1012DDC}.Debug|x86.Build.0 = Debug|Win32
		{7870F17B-5E54-4DBB-92CD-A273C1012DDC}.Release|x64.ActiveCfg = Release|x64
		{7870F17B-5E54-4DBB-92CD-A273C1012DDC}.Release|x64.Build.0 = Release|x64
		{7870F17B-5E54-4DBB-92CD-A273C1012DDC}.Release|x86.ActiveCfg = Release|Win32
		{7870F17B-5E54-4DBB-92CD-A273C1012DDC}.Release|x86.Build.0 = Release|Win32
		{55477688-272A-4F60-9ACE-66FB307EB6A0}.Debug|x64.ActiveCfg = Debug|x64
		{55477688-272A-4F60-9ACE-66FB307EB6A0}.Debug|x64.Build.0 = Debug|x64
		{55477688-272A-4F60-9ACE-66FB307EB6A0}.Debug|x86.ActiveCfg = Debug|Win32
		{55477688-272A-4F60-9ACE-66FB307EB6A0}.Debug|x86.Build.0 = Debug|Win32
		{55477688-272A-4F60-9ACE-66FB307EB6A0}.Release|x64.ActiveCfg = Release|x64
		{55477688-272A-4F60-9ACE-66FB307EB6A0}.Release|x64.Build.0 = Release|x64
		{55477688-272A-4F60-9ACE-66FB307EB6A0}.Release|x86.ActiveCfg = Release|Win32
		{55477688-272A-4F60-9ACE-66FB307EB6A0}.Release|x86.Build.0 = Release|Win32
		{DEC2B967-7640-47AA-81C0-6D7E223A0AD1}.Debug|x64.ActiveCfg = Debug|x64
		{DEC2B967-7640-47AA-81C0-6D7E223A0AD1}.Debug|x64.Build.0 = Debug|x64
		{DEC2B967-7640-47AA-81C0-6D7E223A0AD1}.Debug|x86.ActiveCfg = Debug|Win32
		{DEC2B967-7640-47AA-81C0-6D7E223A0AD1}.Debug|x86.Build.0 = Debug|Win32
		{DEC2B967-7640-47AA-81C0-6D7E223A0AD1}.Release|x64.ActiveCfg = Release|x64
		{DEC2B967-7640-47AA-81C0-6D7E223A0AD1}.Release|x64.Build.0 = Release|x64
		{DEC2B967-7640-47AA-81C0-6D7E223A0AD1}.Release|x86.ActiveCfg = Release|Win32
		{DEC2B967-7640-47AA-81C0-6D7E223A0AD1}.Release|x86.Build.0 = Release|Win32
		{0DA6FADA-D6DE-4199-BAB5-180ADAD25B62}.Debug|x64.ActiveCfg = Debug|x64
		{0DA6FADA-D6DE-4199-BAB5-180ADAD25B62}.Debug|x64.Build.0 = Debug|x64
		{0DA6FADA-D6DE-4199-BAB5-180ADAD25B62}.Debug|x86.ActiveCfg = Debug|Win32
		{0DA6FADA-D6DE-4199-BAB5-180ADAD25B62}.Debug|x86.Build.0 = Debug|Win32
		{0DA6FADA-D6DE-4199-BAB5-180ADAD25B62}.Release|x64.ActiveCfg = Release|x64
		{0DA6FADA-D6DE-4199-BAB5-180ADAD25B62}.Release|x64.Build.0 = Release|x64
		{0DA6FADA-D6DE-4199-BAB5-180ADAD25B62}.Release|x86.ActiveCfg = Release|Win32
		{0DA6FADA-D6DE-4199-BAB5-180ADAD25B62}.Release|x86.Build.0 = Release|Win32
		{4553F333-491A-48A1-89B2-8FF00C17BAA6}.Debug|x64.ActiveCfg = Debug|x64
		{4553F333-491A-48A1-89B2-8FF00C17BAA6}.Debug|x64.Build.0 = Debug|x64
		{4553F333-491A-48A1-89B2-8FF00C17BAA6}.Debug|x86.ActiveCfg = Debug|Win32
		{4553F333-491A-48A1-89B2-8FF00C17BAA6}.Debug|x86.Build.0 = Debug|Win32
		{4553F333-491A-48A1-89B2-8FF00C17BAA6}.Release|x64.ActiveCfg = Release|x64
		{4553F333-491A-48A1-89B2-8FF00C17BAA6}.Release|x64.Build.0 = Release|x64
		{4553F333-491A-48A1-89B2-8FF00C17BAA6}.Release|x86.ActiveCfg = Release|Win32
		{4553F333-491A-48A1-89B2-8FF00C17BAA6}.Release|x86.Build.0 = Release|Win32
		{CA27F42C-7363-4E97-A820-8207ACFB2329}.Debug|x64.ActiveCfg = Debug|x64
		{CA27F42C-7363-4E97-A820-8207ACFB2329}.Debug|x64.Build.0 = Debug|x64
		{CA27F42C-7363-4E97-A820-8207ACFB2329}.Debug|x86.ActiveCfg = Debug|Win32
		{CA27F42C-7363-4E97-A820-8207ACFB2329}.Debug|x86.Build.0 = Debug|Win32
		{CA27F42C-7363-4E97-A820-8207ACFB2329}.Release|x64.ActiveCfg = Release|x64
		{CA27F42C-7363-4E97-A820-8207ACFB2329}.Release|x64.Build.0 = Release|x64
		{CA27F42C-7363-4E97-A820-8207ACFB2329}.Release|x86.ActiveCfg = Release|Win32
		{CA27F42C-7363-4E97-A820-8207ACFB2329}.Release|x86.Build.0 = Release|Win32
		{4836598C-9B5C-467C-B01C-C75394F725FA}.Debug|x64.ActiveCfg = Debug|x64
		{4836598C-9B5C-467C-B01C-C75394F725FA}.Debug|x64.Build.0 = Debug|x64
		{4836598C-9B5C-467C-B01C-C75394F725FA}.Debug|x86.ActiveCfg = Debug|Win32
		{4836598C-9B5C-467C-B01C-C75394F725FA}.Debug|x86.Build.0 = Debug|Win32
		{4836598C-9B5C-467C-B01C-C75394F725FA}.Release|x64.ActiveCfg = Release|x64
		{4836598C-9B5C-467C-B01C-C75394F725FA}.Release|x64.Build.0 = Release|x64
		{4836598C-9B5C-467C-B01C-C75394F725FA}.Release|x86.ActiveCfg = Release|Win32
		{4836598C-9B5C-467C-B01C-C75394F725FA}.Release|x86.Build.0 = Release|Win32
		{10EDD202-0037-4F8D-B874-4C6FA1635C9D}.Debug|x64.ActiveCfg = Debug|x64
		{10EDD202-0037-4F8D-B874-4C6FA1635C9D}.Debug|x64.Build.0 = Debug|x64
		{10EDD202-0037-4F8D-B874-4C6FA1635C9D}.Debug|x86.ActiveCfg = Debug|Win32
		{10EDD202-0037-4F8D-B874-4C6FA1635C9D}.Debug|x86.Build.0 = Debug|Win32
		{10EDD202-0037-4F8D-B874-4C6FA1635C9D}.Release|x64.ActiveCfg = Release|x64
		{10EDD202-0037-4F8D-B874-4C6FA1635C9D}.Release|x64.Build.0 = Release|x64
		{10EDD202-0037-4F8D-B874-4C6FA1635C9D}.Release|x86.ActiveCfg = Release|Win32
		{10EDD202-0037-4F8D-B874-4C6FA1635C9D}.Release|x86.Build.0 = Release|Win32
		{F9FC3351-8E41-49A3-B3C2-1CFEED6F6473}.Debug|x64.ActiveCfg = Debug|x64
		{F9FC3351-8E41-49A3-B3C2-1CFEED6F6473}.Debug|x64.Build.0 = Debug|x64
		{F9FC3351-8E41-49A3-B3C2-1CFEED6F6473}.Debug|x86.ActiveCfg = Debug|Win32
		{F9FC3351-8E41-49A3-B3C2-1CFEED6F6473}.Debug|x86.Build.0 = Debug|Win32
		{F9FC3351-8E41-49A3-B3C2-1CFEED6F6473}.Release|x64.ActiveCfg = Release|x64
		{F9FC3351-8E41-49A3-B3C2-1CFEED6F6473}.Release|x64.Build.0 = Release|x64
		{F9FC3351-8E41-49A3-B3C2-1CFEED6F6473}.Release|x86.ActiveCfg = Release|Win32
		{F9FC3351-8E41-49A3-B3C2-1CFEED6F6473}.Release|x86.Build.0 = Release|Win32
		{2924D24D-9DE0-45E6-ACAE-A97DCD0AA902}.Debug|x64.ActiveCfg = Debug|x64
		{2924D24D-9DE0-45E6-ACAE-A97DCD0AA902}.Debug|x64.Build.0 = Debug|x64
		{2924D24D-9DE0-45E6-ACAE-A97DCD0AA902}.Debug|x86.ActiveCfg = Debug|Win32
		{2924D24D-9DE0-45E6-ACAE-A97DCD0AA902}.Debug|x86.Build.0 = Debug|Win32
		{2924D24D-9DE0-45E6-ACAE-A97DCD0AA902}.Release|x64.ActiveCfg = Release|x64
		{2924D24D-9DE0-45E6-ACAE-A97DCD0AA902}.Release|x64.Build.0 = Release|x64
		{2924D24D-9DE0-45E6-ACAE-A97DCD0AA902}.Release|x86.ActiveCfg = Release|Win32
		{2924D24D-9DE0-45E6-ACAE-A97DCD0AA902}.Release|x86.Build.0 = Release|Win32
		{4C183E1D-40B6-408B-8405-E0B5FE4AD8BF}.Debug|x64.ActiveCfg = Debug|x64
		{4C183E1D-40B6-408B-8405-E0B5FE4AD8BF}.Debug|x64.Build.0 = Debug|x64
		{4C183E1D-40B6-408B-8405-E0B5FE4AD8BF}.Debug|x86.ActiveCfg = Debug|Win32
		{4C183E1D-40B6-408B-8405-E0B5FE4AD8BF}.Debug|x86.Build.0 = Debug|Win32
		{4C183E1D-40B6-408B-8405-E0B5FE4AD8BF}.Release|x64.ActiveCfg = Release|x64
		{4C183E1D-40B6-408B-8405-E0B5FE4AD8BF}.Release|x64.Build.0 = Release|x64
		{4C183E1D-40B6-408B-8405-E0B5FE4AD8BF}.Release|x86.ActiveCfg = Release|Win32
		{4C183E1D-40B6-408B-8405-E0B5FE4AD8BF}.Release|x86.Build.0 = Release|Win32
		{FD534A81-284E-4F77-A710-4BF2410BE52C}.Debug|x64.ActiveCfg = Debug|x64
		{FD534A81-284E-4F77-A710-4BF2410BE52C}.Debug|x64.Build.0 = Debug|x64
		{FD534A81-284E-4F77-A710-4BF2410BE52C}.Debug|x86.ActiveCfg = Debug|Win32
		{FD534A81-284E-4F77-A710-4BF2410BE52C}.Debug|x86.Build.0 = Debug|Win32
		{FD534A81-284E-4F77-A710-4BF2410BE52C}.Release|x64.ActiveCfg = Release|x64
		{FD534A81-284E-4F77-A710-4BF2410BE52C}.Release|x64.Build.0 = Release|x64
		{FD534A81-284E-4F77-A710-4BF2410BE52C}.Release|x86.ActiveCfg = Release|Win32
		{FD534A81-284E-4F77-A710-4BF2410BE52C}.Release|x86.Build.0 = Release|Win32
		{0C1E035D-3005-46AC-A7DF-CA08778F8311}.Debug|x64.ActiveCfg = Debug|x64
		{0C1E035D-3005-46AC-A7DF-CA08778F8311}.Debug|x64.Build.0 = Debug|x64
		{0C1E035D-3005-46AC-A7DF-CA08778F8311}.Debug|x86.ActiveCfg = Debug|Win32
		{0C1E035D-3005-46AC-A7DF-CA08778F8311}.Debug|x86.Build.0 = Debug|Win32
		{0C1E035D-3005-46AC-A7DF-CA08778F8311}.Release|x64.ActiveCfg = Release|x64
		{0C1E035D-3005-46AC-A7DF-CA08778F8311}.Release|x64.Build.0 = Release|x64
		{0C1E035D-3005-46AC-A7DF-CA08778F8311}.Release|x86.ActiveCfg = Release|Win32
		{0C1E035D-3005-46AC-A7DF-CA08778F8311}.Release|x86.Build.0 = Release|Win32
		{71612BB3-B829-4562-8158-4A8D80B4D5AA}.Debug|x64.ActiveCfg = Debug|x64
		{71612BB3-B829-4562-8158-4A8D80B4D5AA}.Debug|x64.Build.0 = Debug|x64
		{71612BB3-B829-4562-8158-4A8D80B4D5AA}.Debug|x86.ActiveCfg = Debug|Win32
		{71612BB3-B829-4562-8158-4A8D80B4D5AA}.Debug|x86.Build.0 = Debug|Win32
		{71612BB3-B829-4562-8158-4A8D80B4D5AA}.Release|x64.ActiveCfg = Release|x64
		{71612BB3-B829-4562-8158-4A8D80B4D5AA}.Release|x64.Build.0 = Release|x64
		{71612BB3-B829-4562-8158-4A8D80B4D5AA}.Release|x86.ActiveCfg = Release|Win32
		{71612BB3-B829-4562-8158-4A8D80B4D5AA}.Release|x86.Build.0 = Release|Win32
		{D034B772-BC49-4A5D-A25F-498D594EEDA7}.Debug|x64.ActiveCfg = Debug|x64
		{D034B772-BC49-4A5D-A25F-498D594EEDA7}.Debug|x64.Build.0 = Debug|x64
		{D034B772-BC49-4A5D-A25F-498D594EEDA7}.Debug|x86.ActiveCfg = Debug|Win32
		{D034B772-BC49-4A5D-A25F-498D594EEDA7}.Debug|x86.Build.0 = Debug|Win32
		{D034B772-BC49-4A5D-A25F-498D594EEDA7}.Release|x64.ActiveCfg = Release|x64
		{D034B772-BC49-4A5D-A25F-498D594EEDA7}.Release|x64.Build.0 = Release|x64
		{D034B772-BC49-4A5D-A25F-498D594EEDA7}.Release|x86.ActiveCfg = Release|Win32
		{D034B772-BC49-4A5D-A25F-498D594EEDA7}.Release|x86.Build.0 = Release|Win32
		{D3122209-C8C5-47AE-983A-A751D9159FF3}.Debug|x64.ActiveCfg = Debug|x64
		{D3122209-C8C5-47AE-983A-A751D9159FF3}.Debug|x64.Build.0 = Debug|x64
		{D3122209-C8C5-47AE-983A-A751D9159FF3}.Debug|x86.ActiveCfg = Debug|Win32
		{D3122209-C8C5-47AE-983A-A751D9159FF3}.Debug|x86.Build.0 = Debug|Win32
		{D3122209-C8C5-47AE-983A-A751D9159FF3}.Release|x64.ActiveCfg = Release|x64
		{D3122209-C8C5-47AE-983A-A751D9159FF3}.Release|x64.Build.0 = Release|x64
		{D3122209-C8C5-47AE-983A-A751D9159FF3}.Release|x86.ActiveCfg = Release|Win32
		{D3122209-C8C5-47AE-983A-A751D9159FF3}.Release|x86.Build.0 = Release|Win32
		{65E98088-21F7-4BBE-8CD4-0353F10D9A78}.Debug|x64.ActiveCfg = Debug|x64
		{65E98088-21F7-4BBE-8CD4-0353F10D9A78}.Debug|x64.Build.0 = Debug|x64
		{65E98088-21F7-4BBE-8CD4-0353F10D9A78}.Debug|x86.ActiveCfg = Debug|Win32
		{65E98088-21F7-4BBE-8CD4-0353F10D9A78}.Debug|x86.Build.0 = Debug|Win32
		{65E98088-21F7-4BBE-8CD4-0353F10D9A78}.Release|x64.ActiveCfg = Release|x64
		{65E98088-21F7-4BBE-8CD4-0353F10D9A78}.Release|x64.Build.0 = Release|x64
		{65E98088-21F7-4BBE-8CD4-0353F10D9A78}.Release|x86.ActiveCfg = Release|Win32
		{65E98088-21F7-4BBE-8CD4-0353F10D9A78}.Release|x86.Build.0 = Release|Win32
		{9B07CA33-08A0-4821-8AA3-C3F78E926FE6}.Debug|x64.ActiveCfg = Debug|x64
		{9B07CA33-08A0-4821-8AA3-C3F78E926FE6}.Debug|x64.Build.0 = Debug|x64
		{9B07CA33-08A0-4821-8AA3-C3F78E926FE6}.Debug|x86.ActiveCfg = Debug|Win32
		{9B07CA33-08A0-4821-8AA3-C3F78E926FE6}.Debug|x86.Build.0 = Debug|Win32
		{9B07CA33-08A0-4821-8AA3-C3F78E926FE6}.Release|x64.ActiveCfg = Release|x64
		{9B07CA33-08A0-4821-8AA3-C3F78E926FE6}.Release|x64.Build.0 = Release|x64
		{9B07CA33-08A0-4821-8AA3-C3F78E926FE6}.Release|x86.ActiveCfg = Release|Win32
		{9B07CA33-08A0-4821-8AA3-C3F78E926FE6}.Release|x86.Build.0 = Release|Win32
		{08974F87-72AC-42F3-8E31-3D61ED38F1C1}.Debug|x64.ActiveCfg = Debug|x64
		{08974F87-72AC-42F3-8E31-3D61ED38F1C1}.Debug|x64.Build.0 = Debug|x64
		{08974F87-72AC-42F3-8E31-3D61ED38F1C1}.Debug|x86.ActiveCfg = Debug|Win32
		{08974F87-72AC-42F3-8E31-3D61ED38F1C1}.Debug|x86.Build.0 = Debug|Win32
		{08974F87-72AC-42F3-8E31-3D61ED38F1C1}.Release|x64.ActiveCfg = Release|x64
		{08974F87-72AC-42F3-8E31-3D61ED38F1C1}.Release|x64.Build.0 = Release|x64
		{08974F87-72AC-42F3-8E31-3D61ED38F1C1}.Release|x86.ActiveCfg = Release|Win32
		{08974F87-72AC-42F3-8E31-3D61ED38F1C1}.Release|x86.Build.0 = Release|Win32
		{7804C508-A9AC-44FF-92E1-A8A2DA8FDAAA}.Debug|x64.ActiveCfg = Debug|x64
		{7804C508-A9AC-44FF-92E1-A8A2DA8FDAAA}.Debug|x64.Build.0 = Debug|x64
		{7804C508-A9AC-44FF-92E1-A8A2DA8FDAAA}.Debug|x86.ActiveCfg = Debug|Win32
		{7804C508-A9AC-44FF-92E1-A8A2DA8FDAAA}.Debug|x86.Build.0 = Debug|Win32
		{7804C508-A9AC-44FF-92E1-A8A2DA8FDAAA}.Release|x64.ActiveCfg = Release|x64
		{7804C508-A9AC-44FF-92E1-A8A2DA8FDAAA}.Release|x64.Build.0 = Release|x64
		{7804C508-A9AC-44FF-92E1-A8A2DA8FDAAA}.Release|x86.ActiveCfg = Release|Win32
		{7804C508-A9AC-44FF-92E1-A8A2DA8FDAAA}.Release|x86.Build.0 = Release|Win32
		{AC842D6C-FBFD-4421-8ADE-792520EA1A3C}.Debug|x64.ActiveCfg = Debug|x64
		{AC842D6C-FBFD-4421-8ADE-792520EA1A3C}.Debug|x64.Build.0 = Debug|x64
		{AC842D6C-FBFD-4421-8ADE-792520EA1A3C}.Debug|x86.ActiveCfg = Debug|Win32
		{AC842D6C-FBFD-4421-8ADE-792520EA1A3C}.Debug|x86.Build.0 = Debug|Win32
		{AC842D6C-FBFD-4421-8ADE-792520EA1A3C}.Release|x64.ActiveCfg = Release|x64
		{AC842D6C-FBFD-4421-8ADE-792520EA1A3C}.Release|x64.Build.0 = Release|x64
		{AC842D6C-FBFD-4421-8ADE-792520EA1A3C}.Release|x86.ActiveCfg = Release|Win32
		{AC842D6C-FBFD-4421-8ADE-792520EA1A3C}.Release|x86.Build.0 = Release|Win32
		{92E58EE7-7ACC-4D7F-8EBA-B7610F3763E0}.Debug|x64.ActiveCfg = Debug|x64
		{92E58EE7-7ACC-4D7F-8EBA-B7610F3763E0}.Debug|x64.Build.0 = Debug|x64
		{92E58EE7-7ACC-4D7F-8EBA-B7610F3763E0}.Debug|x86.ActiveCfg = Debug|Win32
		{92E58EE7-7ACC-4D7F-8EBA-B7610F3763E0}.Debug|x86.Build.0 = Debug|Win32
		{92E58EE7-7ACC-4D7F-8EBA-B7610F3763E0}.Release|x64.ActiveCfg = Release|x64
		{92E58EE7-7ACC-4D7F-8EBA-B7610F3763E0}.Release|x64.Build.0 = Release|x64
		{92E58EE7-7ACC-4D7F-8EBA-B7610F3763E0}.Release|x86.ActiveCfg = Release|Win32
		{92E58EE7-7ACC-4D7F-8EBA-B7610F3763E0}.Release|x86.Build.0 = Release|Win32
		{E15CF86C-0DAD-4077-8A8C-84416A573DB1}.Debug|x64.ActiveCfg = Debug|x64
		{E15CF86C-0DAD-4077-8A8C-84416A573DB1}.Debug|x64.Build.0 = Debug|x64
		{E15CF86C-0DAD-4077-8A8C-84416A573DB1}.Debug|x86.ActiveCfg = Debug|Win32
		{E15CF86C-0DAD-4077-8A8C-84416A573DB1}.Debug|x86.Build.0 = Debug|Win32
		{E15CF86C-0DAD-4077-8A8C-84416A573DB1}.Release|x64.ActiveCfg = Release|x64
		{E15CF86C-0DAD-4077-8A8C-84416A573DB1}.Release|x64.Build.0 = Release|x64
		{E15CF86C-0DAD-4077-8A8C-84416A573DB1}.Release|x86.ActiveCfg = Release|Win32
		{E15CF86C-0DAD-4077-8A8C-84416A573DB1}.Release|x86.Build.0 = Release|Win32
	EndGlobalSection
	GlobalSection(SolutionProperties) = preSolution
		HideSolutionNode = FALSE
	EndGlobalSection
	GlobalSection(NestedProjects) = preSolution
		{2AEC4270-1A18-4210-AEE2-B8A3DD2333FD} = {D0D24757-8EAC-4220-9ECF-F13FDAD985D3}
		{BC9DF0B3-AD5F-4A3E-A1AC-4C223550B7A7} = {D0D24757-8EAC-4220-9ECF-F13FDAD985D3}
		{56263B62-4639-4349-9F19-EFE22F329324} = {D0D24757-8EAC-4220-9ECF-F13FDAD985D3}
		{CE800D41-574C-415E-9C0C-3FB56A665D4F} = {D0D24757-8EAC-4220-9ECF-F13FDAD985D3}
		{6BAB4BCE-1104-4E8B-8101-4A67AB3EA7B9} = {D0D24757-8EAC-4220-9ECF-F13FDAD985D3}
		{741BA6CE-E6AF-46DA-8E2E-39FA87C30A79} = {D0D24757-8EAC-4220-9ECF-F13FDAD985D3}
		{475CBB9A-5B40-4E80-BBE9-FCB9C62F3647} = {B38A3E52-6009-41DD-8857-72101B1A291B}
		{074067A6-F360-4AF9-8885-5BECC7EEB702} = {475CBB9A-5B40-4E80-BBE9-FCB9C62F3647}
		{C9986389-9DD7-4324-B31D-31151008D8F6} = {B38A3E52-6009-41DD-8857-72101B1A291B}
		{5C048CA8-AFAD-4CC6-BCA3-D7E5694F5AC3} = {C9986389-9DD7-4324-B31D-31151008D8F6}
		{D862EF9F-D17D-4E01-87DA-49E2129EDFDE} = {C9986389-9DD7-4324-B31D-31151008D8F6}
		{D5EBF1FB-96D3-4CCC-A9D8-6D1C59F89F18} = {C9986389-9DD7-4324-B31D-31151008D8F6}
		{3D99B40D-0D8D-465E-B5B9-D14F45AC0B32} = {475CBB9A-5B40-4E80-BBE9-FCB9C62F3647}
		{3523A48D-9175-450F-BD40-98BA58024C05} = {475CBB9A-5B40-4E80-BBE9-FCB9C62F3647}
		{D0D24757-8EAC-4220-9ECF-F13FDAD985D3} = {B38A3E52-6009-41DD-8857-72101B1A291B}
		{DFEB9C7A-CF46-4BB2-B321-85A27D821A44} = {B38A3E52-6009-41DD-8857-72101B1A291B}
		{C104F82D-08D4-4DA2-902D-2B765E8910C8} = {DFEB9C7A-CF46-4BB2-B321-85A27D821A44}
		{AE759B08-C469-4B47-B8BD-24E59B9A4FB7} = {DFEB9C7A-CF46-4BB2-B321-85A27D821A44}
		{1B59B19C-6C84-41A8-8042-4959CB8224E8} = {DFEB9C7A-CF46-4BB2-B321-85A27D821A44}
		{223D1816-5D54-4424-ADD5-641FAE05A02A} = {475CBB9A-5B40-4E80-BBE9-FCB9C62F3647}
		{3D369FAD-7333-403C-9FAA-67191AF7566B} = {475CBB9A-5B40-4E80-BBE9-FCB9C62F3647}
		{AAD40264-FBBD-4D7E-AE52-483664792BCA} = {475CBB9A-5B40-4E80-BBE9-FCB9C62F3647}
		{6361D7DE-D853-4882-9FAB-F613909484EE} = {475CBB9A-5B40-4E80-BBE9-FCB9C62F3647}
		{275EA433-AD7A-4EDE-9423-17BCD0C68197} = {475CBB9A-5B40-4E80-BBE9-FCB9C62F3647}
		{CD6EAEE4-6840-4408-9667-5E599C90497C} = {475CBB9A-5B40-4E80-BBE9-FCB9C62F3647}
		{8E25FE9C-9D0C-4C8F-ACF5-B1D85F27EAC0} = {571506DD-3AAC-4282-ABEA-BBAC631BB31A}
		{A82BB19E-9965-445E-96B3-BD73AAC4C373} = {8E25FE9C-9D0C-4C8F-ACF5-B1D85F27EAC0}
		{F39B7453-2915-4733-8920-7E7441554F28} = {8E25FE9C-9D0C-4C8F-ACF5-B1D85F27EAC0}
		{E9A1A406-7E83-4C98-B697-3AF1E36F23E7} = {571506DD-3AAC-4282-ABEA-BBAC631BB31A}
		{928E3996-660A-4CB6-8E41-83A0F7D3A6AD} = {E9A1A406-7E83-4C98-B697-3AF1E36F23E7}
		{430B4370-D9BB-42E0-94FF-1CEFC1A5419A} = {E9A1A406-7E83-4C98-B697-3AF1E36F23E7}
		{FB9AA802-FE25-44BC-9A78-2A0B83A7877F} = {E9A1A406-7E83-4C98-B697-3AF1E36F23E7}
		{7661A431-0943-4D89-B2CD-11B4222FBEF1} = {8E25FE9C-9D0C-4C8F-ACF5-B1D85F27EAC0}
		{1A11E784-731A-4BA4-9A5A-327AC4BA4EAC} = {8E25FE9C-9D0C-4C8F-ACF5-B1D85F27EAC0}
		{2DB1E7F2-77FE-4C1D-BAD5-650C84242A94} = {8E25FE9C-9D0C-4C8F-ACF5-B1D85F27EAC0}
		{0E29125A-117F-4C86-AA2D-698876D27200} = {E9A1A406-7E83-4C98-B697-3AF1E36F23E7}
		{A720EDF4-333B-412A-8175-8C40A42A8C1A} = {E9A1A406-7E83-4C98-B697-3AF1E36F23E7}
		{42993130-3BE5-45A0-9F52-996653E4C27F} = {E9A1A406-7E83-4C98-B697-3AF1E36F23E7}
		{D6970940-4499-4350-8A19-371E8AA5A478} = {571506DD-3AAC-4282-ABEA-BBAC631BB31A}
		{257677BE-474F-4B7F-9A7E-D9787A9C3F65} = {D6970940-4499-4350-8A19-371E8AA5A478}
		{F9726F3F-1CC7-496A-9918-77E482C6DAFE} = {D6970940-4499-4350-8A19-371E8AA5A478}
		{1F709D0B-CA48-4638-A3E9-CA6546B968F3} = {E9A1A406-7E83-4C98-B697-3AF1E36F23E7}
		{05B1FD43-38A1-40BF-9BB1-387273BEF7B0} = {E9A1A406-7E83-4C98-B697-3AF1E36F23E7}
		{21E32D3E-219E-42F1-8750-ABD033582FCC} = {E9A1A406-7E83-4C98-B697-3AF1E36F23E7}
		{47B3A4CD-EB62-4E3E-BA46-2796762A8A67} = {571506DD-3AAC-4282-ABEA-BBAC631BB31A}
		{1A1E0E31-B5B8-4B54-80D2-AD6397A837B8} = {47B3A4CD-EB62-4E3E-BA46-2796762A8A67}
		{62D1E1E1-C9FC-44D8-8BBB-621427B71F6B} = {47B3A4CD-EB62-4E3E-BA46-2796762A8A67}
		{D6D024B0-4F13-4FE5-85B7-CE920A52DA9F} = {47B3A4CD-EB62-4E3E-BA46-2796762A8A67}
		{9DA34933-ABB3-4F73-9528-60872AA8E797} = {E9A1A406-7E83-4C98-B697-3AF1E36F23E7}
		{BE4857E5-046D-40A6-A8E5-7CBE3F874F59} = {E9A1A406-7E83-4C98-B697-3AF1E36F23E7}
		{9C143F14-333E-4CF7-BBD8-8B3F638D7A34} = {E9A1A406-7E83-4C98-B697-3AF1E36F23E7}
		{04D6846B-FE56-4C63-9644-50A644BCAAD6} = {E9A1A406-7E83-4C98-B697-3AF1E36F23E7}
		{B57DFE74-0595-4F8A-BC4D-F89B00AD534C} = {571506DD-3AAC-4282-ABEA-BBAC631BB31A}
		{05A14C05-573C-4C2B-B15D-71BB215D0D6A} = {B57DFE74-0595-4F8A-BC4D-F89B00AD534C}
		{61252596-BB2E-486B-B717-3A44781B5CB3} = {E9A1A406-7E83-4C98-B697-3AF1E36F23E7}
		{86B8A152-E240-4AD0-B737-698112F54CC4} = {E9A1A406-7E83-4C98-B697-3AF1E36F23E7}
		{5EC9B68D-CE2B-407C-895F-2D4D88C8FA26} = {E9A1A406-7E83-4C98-B697-3AF1E36F23E7}
		{CA9999D2-95F6-408D-8505-D3419A063DF3} = {E9A1A406-7E83-4C98-B697-3AF1E36F23E7}
		{F1D0B754-BC2E-4B3F-BDAB-BE01382B79ED} = {6B9CB876-F5F9-40A6-A6EF-90822ABD5A34}
		{E7F9BE75-2473-447B-A8F7-30F8113D5FF8} = {F1D0B754-BC2E-4B3F-BDAB-BE01382B79ED}
		{C894FDC4-377C-4267-9F9C-05AF00D72332} = {F1D0B754-BC2E-4B3F-BDAB-BE01382B79ED}
		{915D137F-E5FD-461D-AC9E-23841F64C116} = {F1D0B754-BC2E-4B3F-BDAB-BE01382B79ED}
		{CB6D020F-3D38-4C14-AECE-E3E4368C05EC} = {F1D0B754-BC2E-4B3F-BDAB-BE01382B79ED}
		{DF76F890-2D85-4E78-A870-9FF2532225BF} = {CB6D020F-3D38-4C14-AECE-E3E4368C05EC}
		{4ABBC415-0EE5-4AC4-8007-185ECBB8374F} = {CB6D020F-3D38-4C14-AECE-E3E4368C05EC}
		{B50EC655-4561-45CE-B0F3-F0D9B622B9F5} = {6B9CB876-F5F9-40A6-A6EF-90822ABD5A34}
		{50A91291-DFCA-4B18-A1EC-4CC08B8E32C4} = {B50EC655-4561-45CE-B0F3-F0D9B622B9F5}
		{8522EA8F-CAE9-4D98-85CE-AE8C4EA0A5C9} = {B50EC655-4561-45CE-B0F3-F0D9B622B9F5}
		{D91E04AE-92FA-4E59-8877-A9C4DB2EB3C0} = {6B9CB876-F5F9-40A6-A6EF-90822ABD5A34}
		{C0064839-1484-4112-AFB8-56BA94D8DD30} = {D91E04AE-92FA-4E59-8877-A9C4DB2EB3C0}
		{8F394F94-6ACA-41E1-A3C3-8BBF171215CD} = {D91E04AE-92FA-4E59-8877-A9C4DB2EB3C0}
		{5ACB3045-D19E-46E1-80F1-D05AFC310393} = {D91E04AE-92FA-4E59-8877-A9C4DB2EB3C0}
		{6B124CAD-283F-4D74-BF77-5C3935DAB376} = {6B9CB876-F5F9-40A6-A6EF-90822ABD5A34}
		{99E698FE-81CB-4582-9A2F-ECFB738A0A1B} = {D91E04AE-92FA-4E59-8877-A9C4DB2EB3C0}
		{F09B1DEB-F28E-439B-9BC2-1590612C938B} = {D91E04AE-92FA-4E59-8877-A9C4DB2EB3C0}
		{C1493E8F-A6C5-40FB-BACD-BD3B7ACE4B58} = {D91E04AE-92FA-4E59-8877-A9C4DB2EB3C0}
		{90E3C394-7E66-44AF-9644-2B7201D0955F} = {6B9CB876-F5F9-40A6-A6EF-90822ABD5A34}
		{30B0E205-B914-4732-AD9E-1E45BE4CB893} = {6B9CB876-F5F9-40A6-A6EF-90822ABD5A34}
		{8FA6D0CA-55CE-4C9B-AB83-71A5C742D5A7} = {C3972494-16F6-48DB-82DF-19514D5F01EA}
		{9FBE75A7-BD60-44A7-8E0C-07442F3A0035} = {8FA6D0CA-55CE-4C9B-AB83-71A5C742D5A7}
		{278623A9-E92C-477A-AF07-09CB38A8A6F9} = {C3972494-16F6-48DB-82DF-19514D5F01EA}
		{DB1082C9-7DD8-4C52-AF65-A54B52115EB0} = {278623A9-E92C-477A-AF07-09CB38A8A6F9}
		{7870F17B-5E54-4DBB-92CD-A273C1012DDC} = {8FA6D0CA-55CE-4C9B-AB83-71A5C742D5A7}
		{55477688-272A-4F60-9ACE-66FB307EB6A0} = {278623A9-E92C-477A-AF07-09CB38A8A6F9}
		{DEC2B967-7640-47AA-81C0-6D7E223A0AD1} = {278623A9-E92C-477A-AF07-09CB38A8A6F9}
		{3E34FE4E-B2F6-43AD-9000-292D2234CB10} = {C3972494-16F6-48DB-82DF-19514D5F01EA}
		{0DA6FADA-D6DE-4199-BAB5-180ADAD25B62} = {3E34FE4E-B2F6-43AD-9000-292D2234CB10}
		{4553F333-491A-48A1-89B2-8FF00C17BAA6} = {3E34FE4E-B2F6-43AD-9000-292D2234CB10}
		{CA27F42C-7363-4E97-A820-8207ACFB2329} = {278623A9-E92C-477A-AF07-09CB38A8A6F9}
		{4836598C-9B5C-467C-B01C-C75394F725FA} = {278623A9-E92C-477A-AF07-09CB38A8A6F9}
		{10EDD202-0037-4F8D-B874-4C6FA1635C9D} = {278623A9-E92C-477A-AF07-09CB38A8A6F9}
		{F9FC3351-8E41-49A3-B3C2-1CFEED6F6473} = {278623A9-E92C-477A-AF07-09CB38A8A6F9}
		{2924D24D-9DE0-45E6-ACAE-A97DCD0AA902} = {278623A9-E92C-477A-AF07-09CB38A8A6F9}
		{E003B033-4D06-48D5-ACE8-76D6185C6DA3} = {C3972494-16F6-48DB-82DF-19514D5F01EA}
		{4C183E1D-40B6-408B-8405-E0B5FE4AD8BF} = {E003B033-4D06-48D5-ACE8-76D6185C6DA3}
		{FD534A81-284E-4F77-A710-4BF2410BE52C} = {E003B033-4D06-48D5-ACE8-76D6185C6DA3}
		{4196BC9B-4132-48A6-9C4D-F78C0EF1722C} = {C3972494-16F6-48DB-82DF-19514D5F01EA}
		{0C1E035D-3005-46AC-A7DF-CA08778F8311} = {4196BC9B-4132-48A6-9C4D-F78C0EF1722C}
		{71612BB3-B829-4562-8158-4A8D80B4D5AA} = {4196BC9B-4132-48A6-9C4D-F78C0EF1722C}
		{D034B772-BC49-4A5D-A25F-498D594EEDA7} = {4196BC9B-4132-48A6-9C4D-F78C0EF1722C}
		{D3122209-C8C5-47AE-983A-A751D9159FF3} = {4196BC9B-4132-48A6-9C4D-F78C0EF1722C}
		{65E98088-21F7-4BBE-8CD4-0353F10D9A78} = {4196BC9B-4132-48A6-9C4D-F78C0EF1722C}
		{CAD12151-A877-4B31-AEE5-7EACDD2E9EDC} = {C3972494-16F6-48DB-82DF-19514D5F01EA}
		{9B07CA33-08A0-4821-8AA3-C3F78E926FE6} = {CAD12151-A877-4B31-AEE5-7EACDD2E9EDC}
		{08974F87-72AC-42F3-8E31-3D61ED38F1C1} = {278623A9-E92C-477A-AF07-09CB38A8A6F9}
		{7804C508-A9AC-44FF-92E1-A8A2DA8FDAAA} = {278623A9-E92C-477A-AF07-09CB38A8A6F9}
		{AC842D6C-FBFD-4421-8ADE-792520EA1A3C} = {278623A9-E92C-477A-AF07-09CB38A8A6F9}
		{92E58EE7-7ACC-4D7F-8EBA-B7610F3763E0} = {278623A9-E92C-477A-AF07-09CB38A8A6F9}
		{E15CF86C-0DAD-4077-8A8C-84416A573DB1} = {C6D22579-0B09-46AE-8E2F-979E13C1CBC6}
	EndGlobalSection
	GlobalSection(ExtensibilityGlobals) = postSolution
		SolutionGuid = {5E4948DE-395C-4740-B958-BA608130B1CE}
	EndGlobalSection
EndGlobal
